// !$*UTF8*$!
{
	archiveVersion = 1;
	classes = {
	};
	objectVersion = 50;
	objects = {

/* Begin PBXAggregateTarget section */
		A98AD3AE2583216B001AAD6F /* Cartfile */ = {
			isa = PBXAggregateTarget;
			buildConfigurationList = A98AD3AF2583216B001AAD6F /* Build configuration list for PBXAggregateTarget "Cartfile" */;
			buildPhases = (
				A98AD3BA2583217F001AAD6F /* Carthage Bootstrap */,
			);
			dependencies = (
			);
			name = Cartfile;
			productName = Cartfile;
		};
/* End PBXAggregateTarget section */

/* Begin PBXBuildFile section */
		A903C79025F143BC00C88786 /* NavigationButton.swift in Sources */ = {isa = PBXBuildFile; fileRef = A903C78F25F143BC00C88786 /* NavigationButton.swift */; };
		A903C79825F1443200C88786 /* OnboardingSection.swift in Sources */ = {isa = PBXBuildFile; fileRef = A903C79725F1443200C88786 /* OnboardingSection.swift */; };
		A903C7A025F1444300C88786 /* OnboardingSectionNavigationButton.swift in Sources */ = {isa = PBXBuildFile; fileRef = A903C79F25F1444300C88786 /* OnboardingSectionNavigationButton.swift */; };
		A903C7A825F1444F00C88786 /* GettingToKnowTidepoolLoopView.swift in Sources */ = {isa = PBXBuildFile; fileRef = A903C7A725F1444F00C88786 /* GettingToKnowTidepoolLoopView.swift */; };
		A90E9F8826057CAF00566ED4 /* DemoView.swift in Sources */ = {isa = PBXBuildFile; fileRef = A90E9F8726057CAF00566ED4 /* DemoView.swift */; };
		A916AA5125F6F05600B7CEF2 /* OnboardingViewModel+Preview.swift in Sources */ = {isa = PBXBuildFile; fileRef = A916AA5025F6F05600B7CEF2 /* OnboardingViewModel+Preview.swift */; };
		A916AA5925F6F07100B7CEF2 /* DisplayGlucoseUnitObservable+Preview.swift in Sources */ = {isa = PBXBuildFile; fileRef = A916AA5825F6F07100B7CEF2 /* DisplayGlucoseUnitObservable+Preview.swift */; };
		A91F7C94260524A0008FBAED /* CompleteDismissView.swift in Sources */ = {isa = PBXBuildFile; fileRef = A91F7C93260524A0008FBAED /* CompleteDismissView.swift */; };
		A91F7CF3260528FE008FBAED /* Assets.xcassets in Resources */ = {isa = PBXBuildFile; fileRef = A91F7CF2260528FE008FBAED /* Assets.xcassets */; };
		A91F7D0F26052938008FBAED /* TidepoolOnboarding.framework in Frameworks */ = {isa = PBXBuildFile; fileRef = A98AD2E925830851001AAD6F /* TidepoolOnboarding.framework */; };
		A91F7D1626052A4D008FBAED /* DemoApp.swift in Sources */ = {isa = PBXBuildFile; fileRef = A91F7D1526052A4D008FBAED /* DemoApp.swift */; };
		A91F7D3026052A6D008FBAED /* DemoOnboardingView.swift in Sources */ = {isa = PBXBuildFile; fileRef = A91F7D2F26052A6D008FBAED /* DemoOnboardingView.swift */; };
		A91F7D3A26052A84008FBAED /* DisplayGlucoseUnitObservable+Demo.swift in Sources */ = {isa = PBXBuildFile; fileRef = A9E9329C2605166A00E28144 /* DisplayGlucoseUnitObservable+Demo.swift */; };
		A91F7D4326052A88008FBAED /* LoopUIColorPalette+Demo.swift in Sources */ = {isa = PBXBuildFile; fileRef = A9E932A52605168200E28144 /* LoopUIColorPalette+Demo.swift */; };
		A91F7D6526053968008FBAED /* DemoViewModel.swift in Sources */ = {isa = PBXBuildFile; fileRef = A91F7D6426053968008FBAED /* DemoViewModel.swift */; };
		A923334125C3786100D8CF69 /* TimeInterval.swift in Sources */ = {isa = PBXBuildFile; fileRef = A923333F25C3786100D8CF69 /* TimeInterval.swift */; };
		A923334225C3786100D8CF69 /* Environment+Complete.swift in Sources */ = {isa = PBXBuildFile; fileRef = A923334025C3786100D8CF69 /* Environment+Complete.swift */; };
		A923335D25C3789800D8CF69 /* WelcomeViews.swift in Sources */ = {isa = PBXBuildFile; fileRef = A923334B25C3789700D8CF69 /* WelcomeViews.swift */; };
		A923336525C3789800D8CF69 /* ActionButton.swift in Sources */ = {isa = PBXBuildFile; fileRef = A923335525C3789800D8CF69 /* ActionButton.swift */; };
		A923336725C3789800D8CF69 /* ContentPreview.swift in Sources */ = {isa = PBXBuildFile; fileRef = A923335825C3789800D8CF69 /* ContentPreview.swift */; };
		A933F3142608EFF500DB84B9 /* Segment.swift in Sources */ = {isa = PBXBuildFile; fileRef = A933F3132608EFF500DB84B9 /* Segment.swift */; };
		A933F31D260925EA00DB84B9 /* LoopIcon.swift in Sources */ = {isa = PBXBuildFile; fileRef = A933F31C260925EA00DB84B9 /* LoopIcon.swift */; };
		A933F362260975A400DB84B9 /* AccessibleImage.swift in Sources */ = {isa = PBXBuildFile; fileRef = A933F361260975A400DB84B9 /* AccessibleImage.swift */; };
		A93D2B112602606E0091FB65 /* AlertOnLongPressGesture.swift in Sources */ = {isa = PBXBuildFile; fileRef = A93D2B102602606E0091FB65 /* AlertOnLongPressGesture.swift */; };
		A9502CB625FFEE8E00146AD3 /* OnboardingSectionPageView.swift in Sources */ = {isa = PBXBuildFile; fileRef = A9502CB525FFEE8E00146AD3 /* OnboardingSectionPageView.swift */; };
		A9502CBE25FFEF7B00146AD3 /* PageHeader.swift in Sources */ = {isa = PBXBuildFile; fileRef = A9502CBD25FFEF7B00146AD3 /* PageHeader.swift */; };
		A9502CCC25FFEFD500146AD3 /* PresentableImage.swift in Sources */ = {isa = PBXBuildFile; fileRef = A9502CCB25FFEFD500146AD3 /* PresentableImage.swift */; };
		A9502CDA2600293200146AD3 /* BodyText.swift in Sources */ = {isa = PBXBuildFile; fileRef = A9502CD92600293200146AD3 /* BodyText.swift */; };
		A9502CE82600295A00146AD3 /* HeaderText.swift in Sources */ = {isa = PBXBuildFile; fileRef = A9502CE72600295A00146AD3 /* HeaderText.swift */; };
		A9502CF02600298300146AD3 /* BulletedBodyTextList.swift in Sources */ = {isa = PBXBuildFile; fileRef = A9502CEF2600298300146AD3 /* BulletedBodyTextList.swift */; };
		A9502CF8260029A000146AD3 /* CheckmarkedBodyTextList.swift in Sources */ = {isa = PBXBuildFile; fileRef = A9502CF7260029A000146AD3 /* CheckmarkedBodyTextList.swift */; };
		A95422D325CC9A74003F3080 /* Image.swift in Sources */ = {isa = PBXBuildFile; fileRef = A95422D225CC9A74003F3080 /* Image.swift */; };
		A95BB9122603230B00E9FD17 /* Callout.swift in Sources */ = {isa = PBXBuildFile; fileRef = A95BB9112603230B00E9FD17 /* Callout.swift */; };
		A98AD2BE25830807001AAD6F /* TidepoolOnboardingPlugin.h in Headers */ = {isa = PBXBuildFile; fileRef = A98AD2BC25830807001AAD6F /* TidepoolOnboardingPlugin.h */; settings = {ATTRIBUTES = (Public, ); }; };
		A98AD2F225830851001AAD6F /* TidepoolOnboarding.framework in Frameworks */ = {isa = PBXBuildFile; fileRef = A98AD2E925830851001AAD6F /* TidepoolOnboarding.framework */; };
		A98AD2F925830851001AAD6F /* TidepoolOnboarding.h in Headers */ = {isa = PBXBuildFile; fileRef = A98AD2EB25830851001AAD6F /* TidepoolOnboarding.h */; settings = {ATTRIBUTES = (Public, ); }; };
		A98AD30E25830879001AAD6F /* LocalizedString.swift in Sources */ = {isa = PBXBuildFile; fileRef = A98AD30C25830879001AAD6F /* LocalizedString.swift */; };
		A98AD31B25830887001AAD6F /* OSLog.swift in Sources */ = {isa = PBXBuildFile; fileRef = A98AD31925830887001AAD6F /* OSLog.swift */; };
		A98AD33225830909001AAD6F /* TidepoolOnboardingPlugin.swift in Sources */ = {isa = PBXBuildFile; fileRef = A98AD33125830909001AAD6F /* TidepoolOnboardingPlugin.swift */; };
		A98AD3A12583214B001AAD6F /* LoopKit.framework in Frameworks */ = {isa = PBXBuildFile; fileRef = A98AD3972583214B001AAD6F /* LoopKit.framework */; };
		A98AD3A32583214B001AAD6F /* LoopKitUI.framework in Frameworks */ = {isa = PBXBuildFile; fileRef = A98AD3982583214B001AAD6F /* LoopKitUI.framework */; };
		A98AD3A52583214B001AAD6F /* TidepoolKit.framework in Frameworks */ = {isa = PBXBuildFile; fileRef = A98AD3992583214B001AAD6F /* TidepoolKit.framework */; };
		A98AD3A72583214B001AAD6F /* TidepoolKitUI.framework in Frameworks */ = {isa = PBXBuildFile; fileRef = A98AD39A2583214B001AAD6F /* TidepoolKitUI.framework */; };
		A98AD3A92583214B001AAD6F /* TidepoolServiceKit.framework in Frameworks */ = {isa = PBXBuildFile; fileRef = A98AD39B2583214B001AAD6F /* TidepoolServiceKit.framework */; };
		A98AD3AB2583214B001AAD6F /* TidepoolServiceKitUI.framework in Frameworks */ = {isa = PBXBuildFile; fileRef = A98AD39C2583214B001AAD6F /* TidepoolServiceKitUI.framework */; };
		A98AD3C32583227B001AAD6F /* LoopKit.framework in Frameworks */ = {isa = PBXBuildFile; fileRef = A98AD3C22583227B001AAD6F /* LoopKit.framework */; };
		A98AD3C52583227B001AAD6F /* LoopKitUI.framework in Frameworks */ = {isa = PBXBuildFile; fileRef = A98AD3C42583227B001AAD6F /* LoopKitUI.framework */; };
		A98AD3C72583227B001AAD6F /* TidepoolKit.framework in Frameworks */ = {isa = PBXBuildFile; fileRef = A98AD3C62583227B001AAD6F /* TidepoolKit.framework */; };
		A98AD3C92583227B001AAD6F /* TidepoolKitUI.framework in Frameworks */ = {isa = PBXBuildFile; fileRef = A98AD3C82583227B001AAD6F /* TidepoolKitUI.framework */; };
		A98AD3CB2583227B001AAD6F /* TidepoolServiceKit.framework in Frameworks */ = {isa = PBXBuildFile; fileRef = A98AD3CA2583227B001AAD6F /* TidepoolServiceKit.framework */; };
		A98AD3CD2583227B001AAD6F /* TidepoolServiceKitUI.framework in Frameworks */ = {isa = PBXBuildFile; fileRef = A98AD3CC2583227B001AAD6F /* TidepoolServiceKitUI.framework */; };
		A99D0E0525FC8F6F00CFFEA3 /* OnboardingViewModelTests.swift in Sources */ = {isa = PBXBuildFile; fileRef = A99D0E0425FC8F6F00CFFEA3 /* OnboardingViewModelTests.swift */; };
		A99D0E1425FC8FDA00CFFEA3 /* MockOnboardingProvider.swift in Sources */ = {isa = PBXBuildFile; fileRef = A99D0E1325FC8FDA00CFFEA3 /* MockOnboardingProvider.swift */; };
		A99D0E2825FC971700CFFEA3 /* TidepoolOnboardingTests.swift in Sources */ = {isa = PBXBuildFile; fileRef = A99D0E2725FC971700CFFEA3 /* TidepoolOnboardingTests.swift */; };
		A99EAA8B25F7FCDA00503A6D /* IntroductionViews.swift in Sources */ = {isa = PBXBuildFile; fileRef = A99EAA8A25F7FCDA00503A6D /* IntroductionViews.swift */; };
		A99EAA9325F7FCEA00503A6D /* HowTheAppWorksViews.swift in Sources */ = {isa = PBXBuildFile; fileRef = A99EAA9225F7FCEA00503A6D /* HowTheAppWorksViews.swift */; };
		A99EAA9B25F7FCF700503A6D /* ADayInTheLifeViews.swift in Sources */ = {isa = PBXBuildFile; fileRef = A99EAA9A25F7FCF700503A6D /* ADayInTheLifeViews.swift */; };
		A99EAAA325F7FD1F00503A6D /* YourSettingsViews.swift in Sources */ = {isa = PBXBuildFile; fileRef = A99EAAA225F7FD1F00503A6D /* YourSettingsViews.swift */; };
		A99EAAAB25F7FD2900503A6D /* GetLoopingViews.swift in Sources */ = {isa = PBXBuildFile; fileRef = A99EAAAA25F7FD2900503A6D /* GetLoopingViews.swift */; };
		A9A09A12260D238800046528 /* HKUnit.swift in Sources */ = {isa = PBXBuildFile; fileRef = A9BEF07B2588396F00860217 /* HKUnit.swift */; };
		A9A09A30260D240400046528 /* OSLog.swift in Sources */ = {isa = PBXBuildFile; fileRef = A98AD31925830887001AAD6F /* OSLog.swift */; };
		A9A09A77260D24DF00046528 /* MockPrescription.swift in Sources */ = {isa = PBXBuildFile; fileRef = A9BEF055258836D200860217 /* MockPrescription.swift */; };
		A9A09A78260D24DF00046528 /* MockPrescriptionManager.swift in Sources */ = {isa = PBXBuildFile; fileRef = A9BEF054258836D200860217 /* MockPrescriptionManager.swift */; };
		A9A0E44025C4F5CF00C2D63F /* OnboardingViewModel.swift in Sources */ = {isa = PBXBuildFile; fileRef = A9A0E43F25C4F5CF00C2D63F /* OnboardingViewModel.swift */; };
		A9A0E46125C4FC3300C2D63F /* OnboardingRootNavigationController.swift in Sources */ = {isa = PBXBuildFile; fileRef = A9A0E46025C4FC3300C2D63F /* OnboardingRootNavigationController.swift */; };
		A9A0E46F25C4FD5000C2D63F /* PrescriptionReviewView.swift in Sources */ = {isa = PBXBuildFile; fileRef = A9A0E46E25C4FD5000C2D63F /* PrescriptionReviewView.swift */; };
		A9A5625025F8224B00A272B9 /* TransparentNavigationBar.swift in Sources */ = {isa = PBXBuildFile; fileRef = A9A5624F25F8224B00A272B9 /* TransparentNavigationBar.swift */; };
		A9A5739F2603AA080084592C /* WarningIcon.swift in Sources */ = {isa = PBXBuildFile; fileRef = A9A5739E2603AA080084592C /* WarningIcon.swift */; };
		A9A90F92260A50FD00264BCB /* Paragraph.swift in Sources */ = {isa = PBXBuildFile; fileRef = A9A90F91260A50FD00264BCB /* Paragraph.swift */; };
		A9ABAE832607C3AE00E7CD4A /* CheckpointCheckmark.swift in Sources */ = {isa = PBXBuildFile; fileRef = A9ABAE822607C3AE00E7CD4A /* CheckpointCheckmark.swift */; };
		A9B6736825F159A400D27872 /* YourDevicesViews.swift in Sources */ = {isa = PBXBuildFile; fileRef = A9B6736725F159A400D27872 /* YourDevicesViews.swift */; };
		A9BEF02C25882F4E00860217 /* TidepoolOnboarding.swift in Sources */ = {isa = PBXBuildFile; fileRef = A9BEF02B25882F4E00860217 /* TidepoolOnboarding.swift */; };
		A9BEF038258835DF00860217 /* PrescriptionReviewUICoordinator.swift in Sources */ = {isa = PBXBuildFile; fileRef = A9BEF037258835DF00860217 /* PrescriptionReviewUICoordinator.swift */; };
		A9BEF0462588367100860217 /* PrescriptionReviewViewModel.swift in Sources */ = {isa = PBXBuildFile; fileRef = A9BEF0452588367100860217 /* PrescriptionReviewViewModel.swift */; };
		A9BEF06C2588380F00860217 /* PrescriptionCodeEntryView.swift in Sources */ = {isa = PBXBuildFile; fileRef = A9BEF06A2588380F00860217 /* PrescriptionCodeEntryView.swift */; };
		A9BEF06D2588380F00860217 /* PrescriptionDeviceView.swift in Sources */ = {isa = PBXBuildFile; fileRef = A9BEF06B2588380F00860217 /* PrescriptionDeviceView.swift */; };
		A9E2829226012D1C00C86C6B /* CalloutText.swift in Sources */ = {isa = PBXBuildFile; fileRef = A9E2829126012D1C00C86C6B /* CalloutText.swift */; };
		A9E2906825A7C8B7004E361D /* Assets.xcassets in Resources */ = {isa = PBXBuildFile; fileRef = A9E2906725A7C8B7004E361D /* Assets.xcassets */; };
		A9EBBD3D25F984560064804A /* OnboardingSectionSheetButton.swift in Sources */ = {isa = PBXBuildFile; fileRef = A9EBBD3C25F984560064804A /* OnboardingSectionSheetButton.swift */; };
		A9EFBD322602D09B0070E9CC /* ModalPresentation.swift in Sources */ = {isa = PBXBuildFile; fileRef = A9EFBD312602D09B0070E9CC /* ModalPresentation.swift */; };
/* End PBXBuildFile section */

/* Begin PBXContainerItemProxy section */
		A91F7D1126052938008FBAED /* PBXContainerItemProxy */ = {
			isa = PBXContainerItemProxy;
			containerPortal = A98AD2B025830807001AAD6F /* Project object */;
			proxyType = 1;
			remoteGlobalIDString = A98AD2E825830851001AAD6F;
			remoteInfo = TidepoolOnboarding;
		};
		A98AD2F325830851001AAD6F /* PBXContainerItemProxy */ = {
			isa = PBXContainerItemProxy;
			containerPortal = A98AD2B025830807001AAD6F /* Project object */;
			proxyType = 1;
			remoteGlobalIDString = A98AD2E825830851001AAD6F;
			remoteInfo = TidepoolOnboarding;
		};
		A98AD3D2258322E1001AAD6F /* PBXContainerItemProxy */ = {
			isa = PBXContainerItemProxy;
			containerPortal = A98AD2B025830807001AAD6F /* Project object */;
			proxyType = 1;
			remoteGlobalIDString = A98AD2E825830851001AAD6F;
			remoteInfo = TidepoolOnboarding;
		};
/* End PBXContainerItemProxy section */

/* Begin PBXFileReference section */
		A903C78F25F143BC00C88786 /* NavigationButton.swift */ = {isa = PBXFileReference; lastKnownFileType = sourcecode.swift; path = NavigationButton.swift; sourceTree = "<group>"; };
		A903C79725F1443200C88786 /* OnboardingSection.swift */ = {isa = PBXFileReference; lastKnownFileType = sourcecode.swift; path = OnboardingSection.swift; sourceTree = "<group>"; };
		A903C79F25F1444300C88786 /* OnboardingSectionNavigationButton.swift */ = {isa = PBXFileReference; lastKnownFileType = sourcecode.swift; path = OnboardingSectionNavigationButton.swift; sourceTree = "<group>"; };
		A903C7A725F1444F00C88786 /* GettingToKnowTidepoolLoopView.swift */ = {isa = PBXFileReference; lastKnownFileType = sourcecode.swift; path = GettingToKnowTidepoolLoopView.swift; sourceTree = "<group>"; };
		A90E9F8726057CAF00566ED4 /* DemoView.swift */ = {isa = PBXFileReference; lastKnownFileType = sourcecode.swift; path = DemoView.swift; sourceTree = "<group>"; };
		A916AA5025F6F05600B7CEF2 /* OnboardingViewModel+Preview.swift */ = {isa = PBXFileReference; lastKnownFileType = sourcecode.swift; path = "OnboardingViewModel+Preview.swift"; sourceTree = "<group>"; };
		A916AA5825F6F07100B7CEF2 /* DisplayGlucoseUnitObservable+Preview.swift */ = {isa = PBXFileReference; lastKnownFileType = sourcecode.swift; path = "DisplayGlucoseUnitObservable+Preview.swift"; sourceTree = "<group>"; };
		A91F7C93260524A0008FBAED /* CompleteDismissView.swift */ = {isa = PBXFileReference; lastKnownFileType = sourcecode.swift; path = CompleteDismissView.swift; sourceTree = "<group>"; };
		A91F7CEC260528FD008FBAED /* TidepoolOnboardingDemo.app */ = {isa = PBXFileReference; explicitFileType = wrapper.application; includeInIndex = 0; path = TidepoolOnboardingDemo.app; sourceTree = BUILT_PRODUCTS_DIR; };
		A91F7CF2260528FE008FBAED /* Assets.xcassets */ = {isa = PBXFileReference; lastKnownFileType = folder.assetcatalog; path = Assets.xcassets; sourceTree = "<group>"; };
		A91F7CF7260528FE008FBAED /* Info.plist */ = {isa = PBXFileReference; lastKnownFileType = text.plist.xml; path = Info.plist; sourceTree = "<group>"; };
		A91F7D1526052A4D008FBAED /* DemoApp.swift */ = {isa = PBXFileReference; lastKnownFileType = sourcecode.swift; path = DemoApp.swift; sourceTree = "<group>"; };
		A91F7D2F26052A6D008FBAED /* DemoOnboardingView.swift */ = {isa = PBXFileReference; lastKnownFileType = sourcecode.swift; path = DemoOnboardingView.swift; sourceTree = "<group>"; };
		A91F7D6426053968008FBAED /* DemoViewModel.swift */ = {isa = PBXFileReference; lastKnownFileType = sourcecode.swift; path = DemoViewModel.swift; sourceTree = "<group>"; };
		A923333F25C3786100D8CF69 /* TimeInterval.swift */ = {isa = PBXFileReference; fileEncoding = 4; lastKnownFileType = sourcecode.swift; path = TimeInterval.swift; sourceTree = "<group>"; };
		A923334025C3786100D8CF69 /* Environment+Complete.swift */ = {isa = PBXFileReference; fileEncoding = 4; lastKnownFileType = sourcecode.swift; path = "Environment+Complete.swift"; sourceTree = "<group>"; };
		A923334B25C3789700D8CF69 /* WelcomeViews.swift */ = {isa = PBXFileReference; fileEncoding = 4; lastKnownFileType = sourcecode.swift; path = WelcomeViews.swift; sourceTree = "<group>"; };
		A923335525C3789800D8CF69 /* ActionButton.swift */ = {isa = PBXFileReference; fileEncoding = 4; lastKnownFileType = sourcecode.swift; path = ActionButton.swift; sourceTree = "<group>"; };
		A923335825C3789800D8CF69 /* ContentPreview.swift */ = {isa = PBXFileReference; fileEncoding = 4; lastKnownFileType = sourcecode.swift; path = ContentPreview.swift; sourceTree = "<group>"; };
		A933F3132608EFF500DB84B9 /* Segment.swift */ = {isa = PBXFileReference; lastKnownFileType = sourcecode.swift; path = Segment.swift; sourceTree = "<group>"; };
		A933F31C260925EA00DB84B9 /* LoopIcon.swift */ = {isa = PBXFileReference; lastKnownFileType = sourcecode.swift; path = LoopIcon.swift; sourceTree = "<group>"; };
		A933F361260975A400DB84B9 /* AccessibleImage.swift */ = {isa = PBXFileReference; lastKnownFileType = sourcecode.swift; path = AccessibleImage.swift; sourceTree = "<group>"; };
		A93D2B102602606E0091FB65 /* AlertOnLongPressGesture.swift */ = {isa = PBXFileReference; lastKnownFileType = sourcecode.swift; path = AlertOnLongPressGesture.swift; sourceTree = "<group>"; };
		A9502CB525FFEE8E00146AD3 /* OnboardingSectionPageView.swift */ = {isa = PBXFileReference; lastKnownFileType = sourcecode.swift; path = OnboardingSectionPageView.swift; sourceTree = "<group>"; };
		A9502CBD25FFEF7B00146AD3 /* PageHeader.swift */ = {isa = PBXFileReference; lastKnownFileType = sourcecode.swift; path = PageHeader.swift; sourceTree = "<group>"; };
		A9502CCB25FFEFD500146AD3 /* PresentableImage.swift */ = {isa = PBXFileReference; lastKnownFileType = sourcecode.swift; path = PresentableImage.swift; sourceTree = "<group>"; };
		A9502CD92600293200146AD3 /* BodyText.swift */ = {isa = PBXFileReference; lastKnownFileType = sourcecode.swift; path = BodyText.swift; sourceTree = "<group>"; };
		A9502CE72600295A00146AD3 /* HeaderText.swift */ = {isa = PBXFileReference; lastKnownFileType = sourcecode.swift; path = HeaderText.swift; sourceTree = "<group>"; };
		A9502CEF2600298300146AD3 /* BulletedBodyTextList.swift */ = {isa = PBXFileReference; lastKnownFileType = sourcecode.swift; path = BulletedBodyTextList.swift; sourceTree = "<group>"; };
		A9502CF7260029A000146AD3 /* CheckmarkedBodyTextList.swift */ = {isa = PBXFileReference; lastKnownFileType = sourcecode.swift; path = CheckmarkedBodyTextList.swift; sourceTree = "<group>"; };
		A95422D225CC9A74003F3080 /* Image.swift */ = {isa = PBXFileReference; lastKnownFileType = sourcecode.swift; path = Image.swift; sourceTree = "<group>"; };
		A95BB9112603230B00E9FD17 /* Callout.swift */ = {isa = PBXFileReference; lastKnownFileType = sourcecode.swift; path = Callout.swift; sourceTree = "<group>"; };
		A98AD2B925830807001AAD6F /* TidepoolOnboardingPlugin.loopplugin */ = {isa = PBXFileReference; explicitFileType = wrapper.framework; includeInIndex = 0; path = TidepoolOnboardingPlugin.loopplugin; sourceTree = BUILT_PRODUCTS_DIR; };
		A98AD2BC25830807001AAD6F /* TidepoolOnboardingPlugin.h */ = {isa = PBXFileReference; lastKnownFileType = sourcecode.c.h; path = TidepoolOnboardingPlugin.h; sourceTree = "<group>"; };
		A98AD2BD25830807001AAD6F /* Info.plist */ = {isa = PBXFileReference; lastKnownFileType = text.plist.xml; path = Info.plist; sourceTree = "<group>"; };
		A98AD2E925830851001AAD6F /* TidepoolOnboarding.framework */ = {isa = PBXFileReference; explicitFileType = wrapper.framework; includeInIndex = 0; path = TidepoolOnboarding.framework; sourceTree = BUILT_PRODUCTS_DIR; };
		A98AD2EB25830851001AAD6F /* TidepoolOnboarding.h */ = {isa = PBXFileReference; lastKnownFileType = sourcecode.c.h; path = TidepoolOnboarding.h; sourceTree = "<group>"; };
		A98AD2EC25830851001AAD6F /* Info.plist */ = {isa = PBXFileReference; lastKnownFileType = text.plist.xml; path = Info.plist; sourceTree = "<group>"; };
		A98AD2F125830851001AAD6F /* TidepoolOnboardingTests.xctest */ = {isa = PBXFileReference; explicitFileType = wrapper.cfbundle; includeInIndex = 0; path = TidepoolOnboardingTests.xctest; sourceTree = BUILT_PRODUCTS_DIR; };
		A98AD2F825830851001AAD6F /* Info.plist */ = {isa = PBXFileReference; lastKnownFileType = text.plist.xml; path = Info.plist; sourceTree = "<group>"; };
		A98AD30C25830879001AAD6F /* LocalizedString.swift */ = {isa = PBXFileReference; lastKnownFileType = sourcecode.swift; path = LocalizedString.swift; sourceTree = "<group>"; };
		A98AD31925830887001AAD6F /* OSLog.swift */ = {isa = PBXFileReference; lastKnownFileType = sourcecode.swift; path = OSLog.swift; sourceTree = "<group>"; };
		A98AD33125830909001AAD6F /* TidepoolOnboardingPlugin.swift */ = {isa = PBXFileReference; lastKnownFileType = sourcecode.swift; path = TidepoolOnboardingPlugin.swift; sourceTree = "<group>"; };
		A98AD38D25832125001AAD6F /* LoopKit.framework */ = {isa = PBXFileReference; explicitFileType = wrapper.framework; path = LoopKit.framework; sourceTree = BUILT_PRODUCTS_DIR; };
		A98AD38E25832125001AAD6F /* TidepoolKit.framework */ = {isa = PBXFileReference; explicitFileType = wrapper.framework; path = TidepoolKit.framework; sourceTree = BUILT_PRODUCTS_DIR; };
		A98AD38F25832125001AAD6F /* TidepoolServiceKit.framework */ = {isa = PBXFileReference; explicitFileType = wrapper.framework; path = TidepoolServiceKit.framework; sourceTree = BUILT_PRODUCTS_DIR; };
		A98AD3972583214B001AAD6F /* LoopKit.framework */ = {isa = PBXFileReference; explicitFileType = wrapper.framework; path = LoopKit.framework; sourceTree = BUILT_PRODUCTS_DIR; };
		A98AD3982583214B001AAD6F /* LoopKitUI.framework */ = {isa = PBXFileReference; explicitFileType = wrapper.framework; path = LoopKitUI.framework; sourceTree = BUILT_PRODUCTS_DIR; };
		A98AD3992583214B001AAD6F /* TidepoolKit.framework */ = {isa = PBXFileReference; explicitFileType = wrapper.framework; path = TidepoolKit.framework; sourceTree = BUILT_PRODUCTS_DIR; };
		A98AD39A2583214B001AAD6F /* TidepoolKitUI.framework */ = {isa = PBXFileReference; explicitFileType = wrapper.framework; path = TidepoolKitUI.framework; sourceTree = BUILT_PRODUCTS_DIR; };
		A98AD39B2583214B001AAD6F /* TidepoolServiceKit.framework */ = {isa = PBXFileReference; explicitFileType = wrapper.framework; path = TidepoolServiceKit.framework; sourceTree = BUILT_PRODUCTS_DIR; };
		A98AD39C2583214B001AAD6F /* TidepoolServiceKitUI.framework */ = {isa = PBXFileReference; explicitFileType = wrapper.framework; path = TidepoolServiceKitUI.framework; sourceTree = BUILT_PRODUCTS_DIR; };
		A98AD3BB2583221A001AAD6F /* LoopKit.framework */ = {isa = PBXFileReference; explicitFileType = wrapper.framework; path = LoopKit.framework; sourceTree = BUILT_PRODUCTS_DIR; };
		A98AD3BD2583221A001AAD6F /* TidepoolKit.framework */ = {isa = PBXFileReference; explicitFileType = wrapper.framework; path = TidepoolKit.framework; sourceTree = BUILT_PRODUCTS_DIR; };
		A98AD3BF2583221A001AAD6F /* TidepoolServiceKit.framework */ = {isa = PBXFileReference; explicitFileType = wrapper.framework; path = TidepoolServiceKit.framework; sourceTree = BUILT_PRODUCTS_DIR; };
		A98AD3C22583227B001AAD6F /* LoopKit.framework */ = {isa = PBXFileReference; explicitFileType = wrapper.framework; path = LoopKit.framework; sourceTree = BUILT_PRODUCTS_DIR; };
		A98AD3C42583227B001AAD6F /* LoopKitUI.framework */ = {isa = PBXFileReference; explicitFileType = wrapper.framework; path = LoopKitUI.framework; sourceTree = BUILT_PRODUCTS_DIR; };
		A98AD3C62583227B001AAD6F /* TidepoolKit.framework */ = {isa = PBXFileReference; explicitFileType = wrapper.framework; path = TidepoolKit.framework; sourceTree = BUILT_PRODUCTS_DIR; };
		A98AD3C82583227B001AAD6F /* TidepoolKitUI.framework */ = {isa = PBXFileReference; explicitFileType = wrapper.framework; path = TidepoolKitUI.framework; sourceTree = BUILT_PRODUCTS_DIR; };
		A98AD3CA2583227B001AAD6F /* TidepoolServiceKit.framework */ = {isa = PBXFileReference; explicitFileType = wrapper.framework; path = TidepoolServiceKit.framework; sourceTree = BUILT_PRODUCTS_DIR; };
		A98AD3CC2583227B001AAD6F /* TidepoolServiceKitUI.framework */ = {isa = PBXFileReference; explicitFileType = wrapper.framework; path = TidepoolServiceKitUI.framework; sourceTree = BUILT_PRODUCTS_DIR; };
		A99D0E0425FC8F6F00CFFEA3 /* OnboardingViewModelTests.swift */ = {isa = PBXFileReference; lastKnownFileType = sourcecode.swift; path = OnboardingViewModelTests.swift; sourceTree = "<group>"; };
		A99D0E1325FC8FDA00CFFEA3 /* MockOnboardingProvider.swift */ = {isa = PBXFileReference; lastKnownFileType = sourcecode.swift; path = MockOnboardingProvider.swift; sourceTree = "<group>"; };
		A99D0E2725FC971700CFFEA3 /* TidepoolOnboardingTests.swift */ = {isa = PBXFileReference; lastKnownFileType = sourcecode.swift; path = TidepoolOnboardingTests.swift; sourceTree = "<group>"; };
		A99EAA8A25F7FCDA00503A6D /* IntroductionViews.swift */ = {isa = PBXFileReference; lastKnownFileType = sourcecode.swift; path = IntroductionViews.swift; sourceTree = "<group>"; };
		A99EAA9225F7FCEA00503A6D /* HowTheAppWorksViews.swift */ = {isa = PBXFileReference; lastKnownFileType = sourcecode.swift; path = HowTheAppWorksViews.swift; sourceTree = "<group>"; };
		A99EAA9A25F7FCF700503A6D /* ADayInTheLifeViews.swift */ = {isa = PBXFileReference; lastKnownFileType = sourcecode.swift; path = ADayInTheLifeViews.swift; sourceTree = "<group>"; };
		A99EAAA225F7FD1F00503A6D /* YourSettingsViews.swift */ = {isa = PBXFileReference; lastKnownFileType = sourcecode.swift; path = YourSettingsViews.swift; sourceTree = "<group>"; };
		A99EAAAA25F7FD2900503A6D /* GetLoopingViews.swift */ = {isa = PBXFileReference; lastKnownFileType = sourcecode.swift; path = GetLoopingViews.swift; sourceTree = "<group>"; };
		A9A0E43F25C4F5CF00C2D63F /* OnboardingViewModel.swift */ = {isa = PBXFileReference; lastKnownFileType = sourcecode.swift; path = OnboardingViewModel.swift; sourceTree = "<group>"; };
		A9A0E46025C4FC3300C2D63F /* OnboardingRootNavigationController.swift */ = {isa = PBXFileReference; lastKnownFileType = sourcecode.swift; path = OnboardingRootNavigationController.swift; sourceTree = "<group>"; };
		A9A0E46E25C4FD5000C2D63F /* PrescriptionReviewView.swift */ = {isa = PBXFileReference; lastKnownFileType = sourcecode.swift; path = PrescriptionReviewView.swift; sourceTree = "<group>"; };
		A9A5624F25F8224B00A272B9 /* TransparentNavigationBar.swift */ = {isa = PBXFileReference; lastKnownFileType = sourcecode.swift; path = TransparentNavigationBar.swift; sourceTree = "<group>"; };
		A9A5739E2603AA080084592C /* WarningIcon.swift */ = {isa = PBXFileReference; lastKnownFileType = sourcecode.swift; path = WarningIcon.swift; sourceTree = "<group>"; };
		A9A90F91260A50FD00264BCB /* Paragraph.swift */ = {isa = PBXFileReference; lastKnownFileType = sourcecode.swift; path = Paragraph.swift; sourceTree = "<group>"; };
		A9ABAE822607C3AE00E7CD4A /* CheckpointCheckmark.swift */ = {isa = PBXFileReference; lastKnownFileType = sourcecode.swift; path = CheckpointCheckmark.swift; sourceTree = "<group>"; };
		A9B6736725F159A400D27872 /* YourDevicesViews.swift */ = {isa = PBXFileReference; lastKnownFileType = sourcecode.swift; path = YourDevicesViews.swift; sourceTree = "<group>"; };
		A9BEF02B25882F4E00860217 /* TidepoolOnboarding.swift */ = {isa = PBXFileReference; lastKnownFileType = sourcecode.swift; path = TidepoolOnboarding.swift; sourceTree = "<group>"; };
		A9BEF037258835DF00860217 /* PrescriptionReviewUICoordinator.swift */ = {isa = PBXFileReference; fileEncoding = 4; lastKnownFileType = sourcecode.swift; path = PrescriptionReviewUICoordinator.swift; sourceTree = "<group>"; };
		A9BEF0452588367100860217 /* PrescriptionReviewViewModel.swift */ = {isa = PBXFileReference; fileEncoding = 4; lastKnownFileType = sourcecode.swift; path = PrescriptionReviewViewModel.swift; sourceTree = "<group>"; };
		A9BEF054258836D200860217 /* MockPrescriptionManager.swift */ = {isa = PBXFileReference; fileEncoding = 4; lastKnownFileType = sourcecode.swift; path = MockPrescriptionManager.swift; sourceTree = "<group>"; };
		A9BEF055258836D200860217 /* MockPrescription.swift */ = {isa = PBXFileReference; fileEncoding = 4; lastKnownFileType = sourcecode.swift; path = MockPrescription.swift; sourceTree = "<group>"; };
		A9BEF06A2588380F00860217 /* PrescriptionCodeEntryView.swift */ = {isa = PBXFileReference; fileEncoding = 4; lastKnownFileType = sourcecode.swift; path = PrescriptionCodeEntryView.swift; sourceTree = "<group>"; };
		A9BEF06B2588380F00860217 /* PrescriptionDeviceView.swift */ = {isa = PBXFileReference; fileEncoding = 4; lastKnownFileType = sourcecode.swift; path = PrescriptionDeviceView.swift; sourceTree = "<group>"; };
		A9BEF07B2588396F00860217 /* HKUnit.swift */ = {isa = PBXFileReference; lastKnownFileType = sourcecode.swift; path = HKUnit.swift; sourceTree = "<group>"; };
		A9E2829126012D1C00C86C6B /* CalloutText.swift */ = {isa = PBXFileReference; lastKnownFileType = sourcecode.swift; path = CalloutText.swift; sourceTree = "<group>"; };
		A9E2906725A7C8B7004E361D /* Assets.xcassets */ = {isa = PBXFileReference; lastKnownFileType = folder.assetcatalog; path = Assets.xcassets; sourceTree = "<group>"; };
		A9E9329C2605166A00E28144 /* DisplayGlucoseUnitObservable+Demo.swift */ = {isa = PBXFileReference; lastKnownFileType = sourcecode.swift; path = "DisplayGlucoseUnitObservable+Demo.swift"; sourceTree = "<group>"; };
		A9E932A52605168200E28144 /* LoopUIColorPalette+Demo.swift */ = {isa = PBXFileReference; lastKnownFileType = sourcecode.swift; path = "LoopUIColorPalette+Demo.swift"; sourceTree = "<group>"; };
		A9EBBD3C25F984560064804A /* OnboardingSectionSheetButton.swift */ = {isa = PBXFileReference; lastKnownFileType = sourcecode.swift; path = OnboardingSectionSheetButton.swift; sourceTree = "<group>"; };
		A9EFBD312602D09B0070E9CC /* ModalPresentation.swift */ = {isa = PBXFileReference; lastKnownFileType = sourcecode.swift; path = ModalPresentation.swift; sourceTree = "<group>"; };
/* End PBXFileReference section */

/* Begin PBXFrameworksBuildPhase section */
		A91F7CE9260528FD008FBAED /* Frameworks */ = {
			isa = PBXFrameworksBuildPhase;
			buildActionMask = 2147483647;
			files = (
				A91F7D0F26052938008FBAED /* TidepoolOnboarding.framework in Frameworks */,
			);
			runOnlyForDeploymentPostprocessing = 0;
		};
		A98AD2B625830807001AAD6F /* Frameworks */ = {
			isa = PBXFrameworksBuildPhase;
			buildActionMask = 2147483647;
			files = (
			);
			runOnlyForDeploymentPostprocessing = 0;
		};
		A98AD2E625830851001AAD6F /* Frameworks */ = {
			isa = PBXFrameworksBuildPhase;
			buildActionMask = 2147483647;
			files = (
				A98AD3A72583214B001AAD6F /* TidepoolKitUI.framework in Frameworks */,
				A98AD3AB2583214B001AAD6F /* TidepoolServiceKitUI.framework in Frameworks */,
				A98AD3A52583214B001AAD6F /* TidepoolKit.framework in Frameworks */,
				A98AD3A92583214B001AAD6F /* TidepoolServiceKit.framework in Frameworks */,
				A98AD3A12583214B001AAD6F /* LoopKit.framework in Frameworks */,
				A98AD3A32583214B001AAD6F /* LoopKitUI.framework in Frameworks */,
			);
			runOnlyForDeploymentPostprocessing = 0;
		};
		A98AD2EE25830851001AAD6F /* Frameworks */ = {
			isa = PBXFrameworksBuildPhase;
			buildActionMask = 2147483647;
			files = (
				A98AD3C32583227B001AAD6F /* LoopKit.framework in Frameworks */,
				A98AD3C52583227B001AAD6F /* LoopKitUI.framework in Frameworks */,
				A98AD3C72583227B001AAD6F /* TidepoolKit.framework in Frameworks */,
				A98AD3C92583227B001AAD6F /* TidepoolKitUI.framework in Frameworks */,
				A98AD3CB2583227B001AAD6F /* TidepoolServiceKit.framework in Frameworks */,
				A98AD3CD2583227B001AAD6F /* TidepoolServiceKitUI.framework in Frameworks */,
				A98AD2F225830851001AAD6F /* TidepoolOnboarding.framework in Frameworks */,
			);
			runOnlyForDeploymentPostprocessing = 0;
		};
/* End PBXFrameworksBuildPhase section */

/* Begin PBXGroup section */
		A91F7CED260528FD008FBAED /* TidepoolOnboardingDemo */ = {
			isa = PBXGroup;
			children = (
				A91F7CF7260528FE008FBAED /* Info.plist */,
				A91F7D1526052A4D008FBAED /* DemoApp.swift */,
				A91F7D2F26052A6D008FBAED /* DemoOnboardingView.swift */,
				A90E9F8726057CAF00566ED4 /* DemoView.swift */,
				A91F7D6426053968008FBAED /* DemoViewModel.swift */,
				A91F7CF2260528FE008FBAED /* Assets.xcassets */,
				A91F7D3926052A70008FBAED /* Extensions */,
			);
			path = TidepoolOnboardingDemo;
			sourceTree = "<group>";
		};
		A91F7D3926052A70008FBAED /* Extensions */ = {
			isa = PBXGroup;
			children = (
				A9E9329C2605166A00E28144 /* DisplayGlucoseUnitObservable+Demo.swift */,
				A9E932A52605168200E28144 /* LoopUIColorPalette+Demo.swift */,
			);
			path = Extensions;
			sourceTree = "<group>";
		};
		A923333E25C3786100D8CF69 /* Extensions */ = {
			isa = PBXGroup;
			children = (
				A923334025C3786100D8CF69 /* Environment+Complete.swift */,
				A9BEF07B2588396F00860217 /* HKUnit.swift */,
				A95422D225CC9A74003F3080 /* Image.swift */,
				A923333F25C3786100D8CF69 /* TimeInterval.swift */,
			);
			path = Extensions;
			sourceTree = "<group>";
		};
		A923335325C3789700D8CF69 /* Accessory */ = {
			isa = PBXGroup;
			children = (
				A933F361260975A400DB84B9 /* AccessibleImage.swift */,
				A923335525C3789800D8CF69 /* ActionButton.swift */,
				A9502CD92600293200146AD3 /* BodyText.swift */,
				A9502CEF2600298300146AD3 /* BulletedBodyTextList.swift */,
				A95BB9112603230B00E9FD17 /* Callout.swift */,
				A9E2829126012D1C00C86C6B /* CalloutText.swift */,
				A9502CF7260029A000146AD3 /* CheckmarkedBodyTextList.swift */,
				A9ABAE822607C3AE00E7CD4A /* CheckpointCheckmark.swift */,
				A9502CE72600295A00146AD3 /* HeaderText.swift */,
				A933F31C260925EA00DB84B9 /* LoopIcon.swift */,
				A903C78F25F143BC00C88786 /* NavigationButton.swift */,
				A9502CBD25FFEF7B00146AD3 /* PageHeader.swift */,
				A9A90F91260A50FD00264BCB /* Paragraph.swift */,
				A9502CCB25FFEFD500146AD3 /* PresentableImage.swift */,
				A933F3132608EFF500DB84B9 /* Segment.swift */,
				A9A5739E2603AA080084592C /* WarningIcon.swift */,
			);
			path = Accessory;
			sourceTree = "<group>";
		};
		A926402D2605048A006B1BB9 /* Previews */ = {
			isa = PBXGroup;
			children = (
				A91F7C93260524A0008FBAED /* CompleteDismissView.swift */,
				A923335825C3789800D8CF69 /* ContentPreview.swift */,
				A916AA5825F6F07100B7CEF2 /* DisplayGlucoseUnitObservable+Preview.swift */,
				A916AA5025F6F05600B7CEF2 /* OnboardingViewModel+Preview.swift */,
			);
			path = Previews;
			sourceTree = "<group>";
		};
		A98AD2AF25830807001AAD6F = {
			isa = PBXGroup;
			children = (
				A9A09A28260D23F300046528 /* Extensions */,
				A98AD2EA25830851001AAD6F /* TidepoolOnboarding */,
				A98AD2F525830851001AAD6F /* TidepoolOnboardingTests */,
				A91F7CED260528FD008FBAED /* TidepoolOnboardingDemo */,
				A98AD2BB25830807001AAD6F /* TidepoolOnboardingPlugin */,
				A98AD2BA25830807001AAD6F /* Products */,
				A98AD38C25832125001AAD6F /* Frameworks */,
			);
			sourceTree = "<group>";
		};
		A98AD2BA25830807001AAD6F /* Products */ = {
			isa = PBXGroup;
			children = (
				A98AD2B925830807001AAD6F /* TidepoolOnboardingPlugin.loopplugin */,
				A98AD2E925830851001AAD6F /* TidepoolOnboarding.framework */,
				A98AD2F125830851001AAD6F /* TidepoolOnboardingTests.xctest */,
				A91F7CEC260528FD008FBAED /* TidepoolOnboardingDemo.app */,
			);
			name = Products;
			sourceTree = "<group>";
		};
		A98AD2BB25830807001AAD6F /* TidepoolOnboardingPlugin */ = {
			isa = PBXGroup;
			children = (
				A98AD2BC25830807001AAD6F /* TidepoolOnboardingPlugin.h */,
				A98AD2BD25830807001AAD6F /* Info.plist */,
				A98AD33125830909001AAD6F /* TidepoolOnboardingPlugin.swift */,
			);
			path = TidepoolOnboardingPlugin;
			sourceTree = "<group>";
		};
		A98AD2EA25830851001AAD6F /* TidepoolOnboarding */ = {
			isa = PBXGroup;
			children = (
				A98AD2EB25830851001AAD6F /* TidepoolOnboarding.h */,
				A98AD2EC25830851001AAD6F /* Info.plist */,
				A9BEF02B25882F4E00860217 /* TidepoolOnboarding.swift */,
				A9E2906725A7C8B7004E361D /* Assets.xcassets */,
				A98AD30A2583085C001AAD6F /* Common */,
				A923333E25C3786100D8CF69 /* Extensions */,
				A9BEF053258836AA00860217 /* Mocks */,
				A926402D2605048A006B1BB9 /* Previews */,
				A9D0401B25E43BDD00200E4E /* Support */,
				A9BEF0342588358C00860217 /* View Controllers */,
				A9BEF0362588359C00860217 /* View Models */,
				A9A5629125F86DAB00A272B9 /* View Modifiers */,
				A9BEF0352588359600860217 /* Views */,
			);
			path = TidepoolOnboarding;
			sourceTree = "<group>";
		};
		A98AD2F525830851001AAD6F /* TidepoolOnboardingTests */ = {
			isa = PBXGroup;
			children = (
				A98AD2F825830851001AAD6F /* Info.plist */,
				A99D0E2725FC971700CFFEA3 /* TidepoolOnboardingTests.swift */,
				A99D0E1225FC8FB800CFFEA3 /* Mocks */,
				A99D0E0325FC8F2E00CFFEA3 /* View Models */,
			);
			path = TidepoolOnboardingTests;
			sourceTree = "<group>";
		};
		A98AD30A2583085C001AAD6F /* Common */ = {
			isa = PBXGroup;
			children = (
				A98AD30C25830879001AAD6F /* LocalizedString.swift */,
			);
			path = Common;
			sourceTree = "<group>";
		};
		A98AD38C25832125001AAD6F /* Frameworks */ = {
			isa = PBXGroup;
			children = (
				A98AD3C22583227B001AAD6F /* LoopKit.framework */,
				A98AD3C42583227B001AAD6F /* LoopKitUI.framework */,
				A98AD3C62583227B001AAD6F /* TidepoolKit.framework */,
				A98AD3C82583227B001AAD6F /* TidepoolKitUI.framework */,
				A98AD3CA2583227B001AAD6F /* TidepoolServiceKit.framework */,
				A98AD3CC2583227B001AAD6F /* TidepoolServiceKitUI.framework */,
				A98AD3BB2583221A001AAD6F /* LoopKit.framework */,
				A98AD3BD2583221A001AAD6F /* TidepoolKit.framework */,
				A98AD3BF2583221A001AAD6F /* TidepoolServiceKit.framework */,
				A98AD3972583214B001AAD6F /* LoopKit.framework */,
				A98AD3982583214B001AAD6F /* LoopKitUI.framework */,
				A98AD3992583214B001AAD6F /* TidepoolKit.framework */,
				A98AD39A2583214B001AAD6F /* TidepoolKitUI.framework */,
				A98AD39B2583214B001AAD6F /* TidepoolServiceKit.framework */,
				A98AD39C2583214B001AAD6F /* TidepoolServiceKitUI.framework */,
				A98AD38D25832125001AAD6F /* LoopKit.framework */,
				A98AD38E25832125001AAD6F /* TidepoolKit.framework */,
				A98AD38F25832125001AAD6F /* TidepoolServiceKit.framework */,
			);
			name = Frameworks;
			sourceTree = "<group>";
		};
		A99D0E0325FC8F2E00CFFEA3 /* View Models */ = {
			isa = PBXGroup;
			children = (
				A99D0E0425FC8F6F00CFFEA3 /* OnboardingViewModelTests.swift */,
			);
			path = "View Models";
			sourceTree = "<group>";
		};
		A99D0E1225FC8FB800CFFEA3 /* Mocks */ = {
			isa = PBXGroup;
			children = (
				A99D0E1325FC8FDA00CFFEA3 /* MockOnboardingProvider.swift */,
			);
			path = Mocks;
			sourceTree = "<group>";
		};
		A9A09A28260D23F300046528 /* Extensions */ = {
			isa = PBXGroup;
			children = (
				A98AD31925830887001AAD6F /* OSLog.swift */,
			);
			path = Extensions;
			sourceTree = "<group>";
		};
		A9A5629125F86DAB00A272B9 /* View Modifiers */ = {
			isa = PBXGroup;
			children = (
				A93D2B102602606E0091FB65 /* AlertOnLongPressGesture.swift */,
				A9EFBD312602D09B0070E9CC /* ModalPresentation.swift */,
				A9A5624F25F8224B00A272B9 /* TransparentNavigationBar.swift */,
			);
			path = "View Modifiers";
			sourceTree = "<group>";
		};
		A9B6733A25F158AF00D27872 /* Sections */ = {
			isa = PBXGroup;
			children = (
				A99EAA9A25F7FCF700503A6D /* ADayInTheLifeViews.swift */,
				A99EAAAA25F7FD2900503A6D /* GetLoopingViews.swift */,
				A99EAA9225F7FCEA00503A6D /* HowTheAppWorksViews.swift */,
				A99EAA8A25F7FCDA00503A6D /* IntroductionViews.swift */,
				A923334B25C3789700D8CF69 /* WelcomeViews.swift */,
				A9B6736725F159A400D27872 /* YourDevicesViews.swift */,
				A99EAAA225F7FD1F00503A6D /* YourSettingsViews.swift */,
			);
			path = Sections;
			sourceTree = "<group>";
		};
		A9BEF0342588358C00860217 /* View Controllers */ = {
			isa = PBXGroup;
			children = (
				A9A0E46025C4FC3300C2D63F /* OnboardingRootNavigationController.swift */,
				A9BEF037258835DF00860217 /* PrescriptionReviewUICoordinator.swift */,
			);
			path = "View Controllers";
			sourceTree = "<group>";
		};
		A9BEF0352588359600860217 /* Views */ = {
			isa = PBXGroup;
			children = (
				A903C7A725F1444F00C88786 /* GettingToKnowTidepoolLoopView.swift */,
				A903C79F25F1444300C88786 /* OnboardingSectionNavigationButton.swift */,
				A9502CB525FFEE8E00146AD3 /* OnboardingSectionPageView.swift */,
				A9EBBD3C25F984560064804A /* OnboardingSectionSheetButton.swift */,
				A9BEF06A2588380F00860217 /* PrescriptionCodeEntryView.swift */,
				A9BEF06B2588380F00860217 /* PrescriptionDeviceView.swift */,
				A9A0E46E25C4FD5000C2D63F /* PrescriptionReviewView.swift */,
				A923335325C3789700D8CF69 /* Accessory */,
				A9B6733A25F158AF00D27872 /* Sections */,
			);
			path = Views;
			sourceTree = "<group>";
		};
		A9BEF0362588359C00860217 /* View Models */ = {
			isa = PBXGroup;
			children = (
				A9A0E43F25C4F5CF00C2D63F /* OnboardingViewModel.swift */,
				A9BEF0452588367100860217 /* PrescriptionReviewViewModel.swift */,
			);
			path = "View Models";
			sourceTree = "<group>";
		};
		A9BEF053258836AA00860217 /* Mocks */ = {
			isa = PBXGroup;
			children = (
				A9BEF055258836D200860217 /* MockPrescription.swift */,
				A9BEF054258836D200860217 /* MockPrescriptionManager.swift */,
			);
			path = Mocks;
			sourceTree = "<group>";
		};
		A9D0401B25E43BDD00200E4E /* Support */ = {
			isa = PBXGroup;
			children = (
				A903C79725F1443200C88786 /* OnboardingSection.swift */,
			);
			path = Support;
			sourceTree = "<group>";
		};
/* End PBXGroup section */

/* Begin PBXHeadersBuildPhase section */
		A98AD2B425830807001AAD6F /* Headers */ = {
			isa = PBXHeadersBuildPhase;
			buildActionMask = 2147483647;
			files = (
				A98AD2BE25830807001AAD6F /* TidepoolOnboardingPlugin.h in Headers */,
			);
			runOnlyForDeploymentPostprocessing = 0;
		};
		A98AD2E425830851001AAD6F /* Headers */ = {
			isa = PBXHeadersBuildPhase;
			buildActionMask = 2147483647;
			files = (
				A98AD2F925830851001AAD6F /* TidepoolOnboarding.h in Headers */,
			);
			runOnlyForDeploymentPostprocessing = 0;
		};
/* End PBXHeadersBuildPhase section */

/* Begin PBXNativeTarget section */
		A91F7CEB260528FD008FBAED /* TidepoolOnboardingDemo */ = {
			isa = PBXNativeTarget;
			buildConfigurationList = A91F7CF8260528FE008FBAED /* Build configuration list for PBXNativeTarget "TidepoolOnboardingDemo" */;
			buildPhases = (
				A91F7CE8260528FD008FBAED /* Sources */,
				A91F7CE9260528FD008FBAED /* Frameworks */,
				A91F7CEA260528FD008FBAED /* Resources */,
				A91F7D14260529D8008FBAED /* Copy Frameworks with Carthage */,
			);
			buildRules = (
			);
			dependencies = (
				A91F7D1226052938008FBAED /* PBXTargetDependency */,
			);
			name = TidepoolOnboardingDemo;
			productName = TidepoolOnboardingDemo;
			productReference = A91F7CEC260528FD008FBAED /* TidepoolOnboardingDemo.app */;
			productType = "com.apple.product-type.application";
		};
		A98AD2B825830807001AAD6F /* TidepoolOnboardingPlugin */ = {
			isa = PBXNativeTarget;
			buildConfigurationList = A98AD2C125830807001AAD6F /* Build configuration list for PBXNativeTarget "TidepoolOnboardingPlugin" */;
			buildPhases = (
				A98AD2B425830807001AAD6F /* Headers */,
				A98AD2B525830807001AAD6F /* Sources */,
				A98AD2B625830807001AAD6F /* Frameworks */,
				A98AD2B725830807001AAD6F /* Resources */,
				A98AD3D4258322EC001AAD6F /* Copy Frameworks with Carthage */,
			);
			buildRules = (
			);
			dependencies = (
				A98AD3D3258322E1001AAD6F /* PBXTargetDependency */,
			);
			name = TidepoolOnboardingPlugin;
			productName = TidepoolOnboardingPlugin;
			productReference = A98AD2B925830807001AAD6F /* TidepoolOnboardingPlugin.loopplugin */;
			productType = "com.apple.product-type.framework";
		};
		A98AD2E825830851001AAD6F /* TidepoolOnboarding */ = {
			isa = PBXNativeTarget;
			buildConfigurationList = A98AD2FA25830851001AAD6F /* Build configuration list for PBXNativeTarget "TidepoolOnboarding" */;
			buildPhases = (
				A98AD2E425830851001AAD6F /* Headers */,
				A98AD2E525830851001AAD6F /* Sources */,
				A98AD2E625830851001AAD6F /* Frameworks */,
				A98AD2E725830851001AAD6F /* Resources */,
			);
			buildRules = (
			);
			dependencies = (
			);
			name = TidepoolOnboarding;
			productName = TidepoolOnboarding;
			productReference = A98AD2E925830851001AAD6F /* TidepoolOnboarding.framework */;
			productType = "com.apple.product-type.framework";
		};
		A98AD2F025830851001AAD6F /* TidepoolOnboardingTests */ = {
			isa = PBXNativeTarget;
			buildConfigurationList = A98AD2FD25830851001AAD6F /* Build configuration list for PBXNativeTarget "TidepoolOnboardingTests" */;
			buildPhases = (
				A98AD2ED25830851001AAD6F /* Sources */,
				A98AD2EE25830851001AAD6F /* Frameworks */,
				A98AD2EF25830851001AAD6F /* Resources */,
				A98AD3CF25832290001AAD6F /* Copy Frameworks with Carthage */,
			);
			buildRules = (
			);
			dependencies = (
				A98AD2F425830851001AAD6F /* PBXTargetDependency */,
			);
			name = TidepoolOnboardingTests;
			productName = TidepoolOnboardingTests;
			productReference = A98AD2F125830851001AAD6F /* TidepoolOnboardingTests.xctest */;
			productType = "com.apple.product-type.bundle.unit-test";
		};
/* End PBXNativeTarget section */

/* Begin PBXProject section */
		A98AD2B025830807001AAD6F /* Project object */ = {
			isa = PBXProject;
			attributes = {
				LastSwiftUpdateCheck = 1230;
				LastUpgradeCheck = 1220;
				TargetAttributes = {
					A91F7CEB260528FD008FBAED = {
						CreatedOnToolsVersion = 12.3;
					};
					A98AD2B825830807001AAD6F = {
						CreatedOnToolsVersion = 12.2;
						LastSwiftMigration = 1220;
					};
					A98AD2E825830851001AAD6F = {
						CreatedOnToolsVersion = 12.2;
						LastSwiftMigration = 1220;
					};
					A98AD2F025830851001AAD6F = {
						CreatedOnToolsVersion = 12.2;
						LastSwiftMigration = 1230;
					};
					A98AD3AE2583216B001AAD6F = {
						CreatedOnToolsVersion = 12.2;
					};
				};
			};
			buildConfigurationList = A98AD2B325830807001AAD6F /* Build configuration list for PBXProject "TidepoolOnboarding" */;
			compatibilityVersion = "Xcode 9.3";
			developmentRegion = en;
			hasScannedForEncodings = 0;
			knownRegions = (
				en,
				Base,
				"zh-Hans",
				nl,
				fr,
				de,
				it,
				nb,
				pl,
				ru,
				es,
			);
			mainGroup = A98AD2AF25830807001AAD6F;
			productRefGroup = A98AD2BA25830807001AAD6F /* Products */;
			projectDirPath = "";
			projectRoot = "";
			targets = (
				A98AD2E825830851001AAD6F /* TidepoolOnboarding */,
				A98AD2F025830851001AAD6F /* TidepoolOnboardingTests */,
				A91F7CEB260528FD008FBAED /* TidepoolOnboardingDemo */,
				A98AD2B825830807001AAD6F /* TidepoolOnboardingPlugin */,
				A98AD3AE2583216B001AAD6F /* Cartfile */,
			);
		};
/* End PBXProject section */

/* Begin PBXResourcesBuildPhase section */
		A91F7CEA260528FD008FBAED /* Resources */ = {
			isa = PBXResourcesBuildPhase;
			buildActionMask = 2147483647;
			files = (
				A91F7CF3260528FE008FBAED /* Assets.xcassets in Resources */,
			);
			runOnlyForDeploymentPostprocessing = 0;
		};
		A98AD2B725830807001AAD6F /* Resources */ = {
			isa = PBXResourcesBuildPhase;
			buildActionMask = 2147483647;
			files = (
			);
			runOnlyForDeploymentPostprocessing = 0;
		};
		A98AD2E725830851001AAD6F /* Resources */ = {
			isa = PBXResourcesBuildPhase;
			buildActionMask = 2147483647;
			files = (
				A9E2906825A7C8B7004E361D /* Assets.xcassets in Resources */,
			);
			runOnlyForDeploymentPostprocessing = 0;
		};
		A98AD2EF25830851001AAD6F /* Resources */ = {
			isa = PBXResourcesBuildPhase;
			buildActionMask = 2147483647;
			files = (
			);
			runOnlyForDeploymentPostprocessing = 0;
		};
/* End PBXResourcesBuildPhase section */

/* Begin PBXShellScriptBuildPhase section */
		A91F7D14260529D8008FBAED /* Copy Frameworks with Carthage */ = {
			isa = PBXShellScriptBuildPhase;
			buildActionMask = 2147483647;
			files = (
			);
			inputFileListPaths = (
			);
			inputPaths = (
				"$(BUILT_PRODUCTS_DIR)/SwiftCharts.framework",
				"$(BUILT_PRODUCTS_DIR)/LoopKit.framework",
				"$(BUILT_PRODUCTS_DIR)/LoopKitUI.framework",
				"$(BUILT_PRODUCTS_DIR)/TidepoolKit.framework",
				"$(BUILT_PRODUCTS_DIR)/TidepoolKitUI.framework",
				"$(BUILT_PRODUCTS_DIR)/TidepoolServiceKit.framework",
				"$(BUILT_PRODUCTS_DIR)/TidepoolServiceKitUI.framework",
				"$(BUILT_PRODUCTS_DIR)/TidepoolOnboarding.framework",
			);
			name = "Copy Frameworks with Carthage";
			outputFileListPaths = (
			);
			outputPaths = (
			);
			runOnlyForDeploymentPostprocessing = 0;
			shellPath = /bin/sh;
			shellScript = "\"${SRCROOT}/Scripts/copy-frameworks.sh\"\n";
		};
		A98AD3BA2583217F001AAD6F /* Carthage Bootstrap */ = {
			isa = PBXShellScriptBuildPhase;
			buildActionMask = 2147483647;
			files = (
			);
			inputFileListPaths = (
			);
			inputPaths = (
			);
			name = "Carthage Bootstrap";
			outputFileListPaths = (
			);
			outputPaths = (
			);
			runOnlyForDeploymentPostprocessing = 0;
			shellPath = /bin/sh;
			shellScript = "echo \"Bootstrapping Carthage dependencies...\"\nunset LLVM_TARGET_TRIPLE_SUFFIX\n\nif ! cmp -s Cartfile.Resolved Carthage/Cartfile.resolved; then\n    time ./Scripts/carthage.sh bootstrap --project-directory \"$SRCROOT\" --platform ios --cache-builds --verbose\n    cp Cartfile.resolved Carthage\nelse\n    echo \"Carthage: not bootstrapping\"\nfi\n";
		};
		A98AD3CF25832290001AAD6F /* Copy Frameworks with Carthage */ = {
			isa = PBXShellScriptBuildPhase;
			buildActionMask = 2147483647;
			files = (
			);
			inputFileListPaths = (
			);
			inputPaths = (
				"$(BUILT_PRODUCTS_DIR)/LoopKit.framework",
				"$(BUILT_PRODUCTS_DIR)/LoopKitUI.framework",
				"$(BUILT_PRODUCTS_DIR)/TidepoolKit.framework",
				"$(BUILT_PRODUCTS_DIR)/TidepoolKitUI.framework",
				"$(BUILT_PRODUCTS_DIR)/TidepoolServiceKit.framework",
				"$(BUILT_PRODUCTS_DIR)/TidepoolServiceKitUI.framework",
			);
			name = "Copy Frameworks with Carthage";
			outputFileListPaths = (
			);
			outputPaths = (
			);
			runOnlyForDeploymentPostprocessing = 0;
			shellPath = /bin/sh;
			shellScript = "CARTHAGE_BUILD_DIR=\"${SRCROOT}/Carthage/Build\"\nif [ -n \"${IPHONEOS_DEPLOYMENT_TARGET}\" ]; then\n    CARTHAGE_BUILD_DIR=\"${CARTHAGE_BUILD_DIR}/iOS\"\nelif [ -n \"${WATCHOS_DEPLOYMENT_TARGET}\" ]; then\n    CARTHAGE_BUILD_DIR=\"${CARTHAGE_BUILD_DIR}/watchOS\"\nelse\n    echo \"ERROR: Unexpected deployment target type\"\n    exit 1\nfi\n\nfor SCRIPT_INPUT_FILE in ${!SCRIPT_INPUT_FILE_*}; do\n    CARTHAGE_BUILD_FILE=\"${!SCRIPT_INPUT_FILE/${BUILT_PRODUCTS_DIR}/${CARTHAGE_BUILD_DIR}}\"\n    if [ -e \"${CARTHAGE_BUILD_FILE}\" ]; then\n        if [ -e \"${SCRIPT_INPUT_FILE}\" ]; then\n            echo \"ERROR: Duplicate frameworks found at:\"\n            echo \"  ${SCRIPT_INPUT_FILE}\"\n            echo \"  ${CARTHAGE_BUILD_FILE}\"\n            exit 1\n        fi\n        echo \"Substituting \\\"${CARTHAGE_BUILD_FILE}\\\" for \\\"${!SCRIPT_INPUT_FILE}\\\"\"\n        export ${SCRIPT_INPUT_FILE}=\"${CARTHAGE_BUILD_FILE}\"\n    fi\ndone\n\necho \"Copy Frameworks with Carthage\"\ncarthage copy-frameworks\n";
		};
		A98AD3D4258322EC001AAD6F /* Copy Frameworks with Carthage */ = {
			isa = PBXShellScriptBuildPhase;
			buildActionMask = 2147483647;
			files = (
			);
			inputFileListPaths = (
			);
			inputPaths = (
				"$(BUILT_PRODUCTS_DIR)/TidepoolKit.framework",
				"$(BUILT_PRODUCTS_DIR)/TidepoolKitUI.framework",
				"$(BUILT_PRODUCTS_DIR)/TidepoolServiceKit.framework",
				"$(BUILT_PRODUCTS_DIR)/TidepoolServiceKitUI.framework",
				"$(BUILT_PRODUCTS_DIR)/TidepoolOnboarding.framework",
			);
			name = "Copy Frameworks with Carthage";
			outputFileListPaths = (
			);
			outputPaths = (
			);
			runOnlyForDeploymentPostprocessing = 0;
			shellPath = /bin/sh;
			shellScript = "${SRCROOT}/Scripts/copy-frameworks.sh\n";
		};
/* End PBXShellScriptBuildPhase section */

/* Begin PBXSourcesBuildPhase section */
		A91F7CE8260528FD008FBAED /* Sources */ = {
			isa = PBXSourcesBuildPhase;
			buildActionMask = 2147483647;
			files = (
				A91F7D4326052A88008FBAED /* LoopUIColorPalette+Demo.swift in Sources */,
				A90E9F8826057CAF00566ED4 /* DemoView.swift in Sources */,
				A91F7D3026052A6D008FBAED /* DemoOnboardingView.swift in Sources */,
				A91F7D3A26052A84008FBAED /* DisplayGlucoseUnitObservable+Demo.swift in Sources */,
				A91F7D6526053968008FBAED /* DemoViewModel.swift in Sources */,
				A91F7D1626052A4D008FBAED /* DemoApp.swift in Sources */,
			);
			runOnlyForDeploymentPostprocessing = 0;
		};
		A98AD2B525830807001AAD6F /* Sources */ = {
			isa = PBXSourcesBuildPhase;
			buildActionMask = 2147483647;
			files = (
				A98AD33225830909001AAD6F /* TidepoolOnboardingPlugin.swift in Sources */,
				A9A09A30260D240400046528 /* OSLog.swift in Sources */,
			);
			runOnlyForDeploymentPostprocessing = 0;
		};
		A98AD2E525830851001AAD6F /* Sources */ = {
			isa = PBXSourcesBuildPhase;
			buildActionMask = 2147483647;
			files = (
				A933F31D260925EA00DB84B9 /* LoopIcon.swift in Sources */,
				A99EAAA325F7FD1F00503A6D /* YourSettingsViews.swift in Sources */,
				A933F3142608EFF500DB84B9 /* Segment.swift in Sources */,
				A95BB9122603230B00E9FD17 /* Callout.swift in Sources */,
				A903C7A025F1444300C88786 /* OnboardingSectionNavigationButton.swift in Sources */,
				A9ABAE832607C3AE00E7CD4A /* CheckpointCheckmark.swift in Sources */,
				A9A0E44025C4F5CF00C2D63F /* OnboardingViewModel.swift in Sources */,
				A95422D325CC9A74003F3080 /* Image.swift in Sources */,
				A9A0E46F25C4FD5000C2D63F /* PrescriptionReviewView.swift in Sources */,
				A916AA5925F6F07100B7CEF2 /* DisplayGlucoseUnitObservable+Preview.swift in Sources */,
				A9502CDA2600293200146AD3 /* BodyText.swift in Sources */,
				A9BEF06C2588380F00860217 /* PrescriptionCodeEntryView.swift in Sources */,
				A923334225C3786100D8CF69 /* Environment+Complete.swift in Sources */,
				A916AA5125F6F05600B7CEF2 /* OnboardingViewModel+Preview.swift in Sources */,
				A93D2B112602606E0091FB65 /* AlertOnLongPressGesture.swift in Sources */,
				A9EBBD3D25F984560064804A /* OnboardingSectionSheetButton.swift in Sources */,
				A9502CB625FFEE8E00146AD3 /* OnboardingSectionPageView.swift in Sources */,
				A99EAA9B25F7FCF700503A6D /* ADayInTheLifeViews.swift in Sources */,
				A9A09A12260D238800046528 /* HKUnit.swift in Sources */,
				A923334125C3786100D8CF69 /* TimeInterval.swift in Sources */,
				A99EAAAB25F7FD2900503A6D /* GetLoopingViews.swift in Sources */,
				A9502CF8260029A000146AD3 /* CheckmarkedBodyTextList.swift in Sources */,
				A9B6736825F159A400D27872 /* YourDevicesViews.swift in Sources */,
				A98AD31B25830887001AAD6F /* OSLog.swift in Sources */,
				A9502CBE25FFEF7B00146AD3 /* PageHeader.swift in Sources */,
				A9A5739F2603AA080084592C /* WarningIcon.swift in Sources */,
				A98AD30E25830879001AAD6F /* LocalizedString.swift in Sources */,
				A923336725C3789800D8CF69 /* ContentPreview.swift in Sources */,
				A9BEF06D2588380F00860217 /* PrescriptionDeviceView.swift in Sources */,
				A903C79825F1443200C88786 /* OnboardingSection.swift in Sources */,
				A9502CCC25FFEFD500146AD3 /* PresentableImage.swift in Sources */,
				A9BEF038258835DF00860217 /* PrescriptionReviewUICoordinator.swift in Sources */,
				A99EAA9325F7FCEA00503A6D /* HowTheAppWorksViews.swift in Sources */,
				A9A90F92260A50FD00264BCB /* Paragraph.swift in Sources */,
				A9EFBD322602D09B0070E9CC /* ModalPresentation.swift in Sources */,
				A9A5625025F8224B00A272B9 /* TransparentNavigationBar.swift in Sources */,
				A923336525C3789800D8CF69 /* ActionButton.swift in Sources */,
				A933F362260975A400DB84B9 /* AccessibleImage.swift in Sources */,
				A903C79025F143BC00C88786 /* NavigationButton.swift in Sources */,
				A9A0E46125C4FC3300C2D63F /* OnboardingRootNavigationController.swift in Sources */,
				A99EAA8B25F7FCDA00503A6D /* IntroductionViews.swift in Sources */,
				A903C7A825F1444F00C88786 /* GettingToKnowTidepoolLoopView.swift in Sources */,
				A9502CE82600295A00146AD3 /* HeaderText.swift in Sources */,
				A9BEF02C25882F4E00860217 /* TidepoolOnboarding.swift in Sources */,
				A9BEF0462588367100860217 /* PrescriptionReviewViewModel.swift in Sources */,
				A91F7C94260524A0008FBAED /* CompleteDismissView.swift in Sources */,
				A9502CF02600298300146AD3 /* BulletedBodyTextList.swift in Sources */,
				A9E2829226012D1C00C86C6B /* CalloutText.swift in Sources */,
				A923335D25C3789800D8CF69 /* WelcomeViews.swift in Sources */,
				A9A09A77260D24DF00046528 /* MockPrescription.swift in Sources */,
				A9A09A78260D24DF00046528 /* MockPrescriptionManager.swift in Sources */,
			);
			runOnlyForDeploymentPostprocessing = 0;
		};
		A98AD2ED25830851001AAD6F /* Sources */ = {
			isa = PBXSourcesBuildPhase;
			buildActionMask = 2147483647;
			files = (
				A99D0E0525FC8F6F00CFFEA3 /* OnboardingViewModelTests.swift in Sources */,
				A99D0E1425FC8FDA00CFFEA3 /* MockOnboardingProvider.swift in Sources */,
				A99D0E2825FC971700CFFEA3 /* TidepoolOnboardingTests.swift in Sources */,
			);
			runOnlyForDeploymentPostprocessing = 0;
		};
/* End PBXSourcesBuildPhase section */

/* Begin PBXTargetDependency section */
		A91F7D1226052938008FBAED /* PBXTargetDependency */ = {
			isa = PBXTargetDependency;
			target = A98AD2E825830851001AAD6F /* TidepoolOnboarding */;
			targetProxy = A91F7D1126052938008FBAED /* PBXContainerItemProxy */;
		};
		A98AD2F425830851001AAD6F /* PBXTargetDependency */ = {
			isa = PBXTargetDependency;
			target = A98AD2E825830851001AAD6F /* TidepoolOnboarding */;
			targetProxy = A98AD2F325830851001AAD6F /* PBXContainerItemProxy */;
		};
		A98AD3D3258322E1001AAD6F /* PBXTargetDependency */ = {
			isa = PBXTargetDependency;
			target = A98AD2E825830851001AAD6F /* TidepoolOnboarding */;
			targetProxy = A98AD3D2258322E1001AAD6F /* PBXContainerItemProxy */;
		};
/* End PBXTargetDependency section */

/* Begin XCBuildConfiguration section */
		A91F7CF9260528FE008FBAED /* Debug */ = {
			isa = XCBuildConfiguration;
			buildSettings = {
				ASSETCATALOG_COMPILER_APPICON_NAME = AppIcon;
				ASSETCATALOG_COMPILER_GLOBAL_ACCENT_COLOR_NAME = AccentColor;
				INFOPLIST_FILE = TidepoolOnboardingDemo/Info.plist;
				LD_RUNPATH_SEARCH_PATHS = (
					"$(inherited)",
					"@executable_path/Frameworks",
				);
				PRODUCT_BUNDLE_IDENTIFIER = org.tidepool.TidepoolOnboardingDemo;
				PRODUCT_NAME = "$(TARGET_NAME)";
			};
			name = Debug;
		};
		A91F7CFA260528FE008FBAED /* Release */ = {
			isa = XCBuildConfiguration;
			buildSettings = {
				ASSETCATALOG_COMPILER_APPICON_NAME = AppIcon;
				ASSETCATALOG_COMPILER_GLOBAL_ACCENT_COLOR_NAME = AccentColor;
				INFOPLIST_FILE = TidepoolOnboardingDemo/Info.plist;
				LD_RUNPATH_SEARCH_PATHS = (
					"$(inherited)",
					"@executable_path/Frameworks",
				);
				PRODUCT_BUNDLE_IDENTIFIER = org.tidepool.TidepoolOnboardingDemo;
				PRODUCT_NAME = "$(TARGET_NAME)";
			};
			name = Release;
		};
		A98AD2BF25830807001AAD6F /* Debug */ = {
			isa = XCBuildConfiguration;
			buildSettings = {
				ALWAYS_SEARCH_USER_PATHS = NO;
				CLANG_ANALYZER_GCD_PERFORMANCE = YES;
				CLANG_ANALYZER_LOCALIZABILITY_EMPTY_CONTEXT = YES;
				CLANG_ANALYZER_LOCALIZABILITY_NONLOCALIZED = YES;
				CLANG_ANALYZER_NONNULL = YES;
				CLANG_ANALYZER_NUMBER_OBJECT_CONVERSION = YES_AGGRESSIVE;
				CLANG_ANALYZER_SECURITY_FLOATLOOPCOUNTER = YES;
				CLANG_ANALYZER_SECURITY_INSECUREAPI_RAND = YES;
				CLANG_ANALYZER_SECURITY_INSECUREAPI_STRCPY = YES;
				CLANG_CXX_LANGUAGE_STANDARD = "gnu++17";
				CLANG_CXX_LIBRARY = "libc++";
				CLANG_ENABLE_MODULES = YES;
				CLANG_ENABLE_OBJC_ARC = YES;
				CLANG_ENABLE_OBJC_WEAK = YES;
				CLANG_WARN_ASSIGN_ENUM = YES;
				CLANG_WARN_ATOMIC_IMPLICIT_SEQ_CST = YES;
				CLANG_WARN_BLOCK_CAPTURE_AUTORELEASING = YES_ERROR;
				CLANG_WARN_BOOL_CONVERSION = YES_ERROR;
				CLANG_WARN_COMMA = YES_ERROR;
				CLANG_WARN_CONSTANT_CONVERSION = YES_ERROR;
				CLANG_WARN_CXX0X_EXTENSIONS = YES;
				CLANG_WARN_DELETE_NON_VIRTUAL_DTOR = YES_ERROR;
				CLANG_WARN_DEPRECATED_OBJC_IMPLEMENTATIONS = YES;
				CLANG_WARN_DIRECT_OBJC_ISA_USAGE = YES_ERROR;
				CLANG_WARN_DOCUMENTATION_COMMENTS = YES;
				CLANG_WARN_EMPTY_BODY = YES;
				CLANG_WARN_ENUM_CONVERSION = YES_ERROR;
				CLANG_WARN_FLOAT_CONVERSION = YES_ERROR;
				CLANG_WARN_FRAMEWORK_INCLUDE_PRIVATE_FROM_PUBLIC = YES;
				CLANG_WARN_IMPLICIT_SIGN_CONVERSION = YES_ERROR;
				CLANG_WARN_INFINITE_RECURSION = YES;
				CLANG_WARN_INT_CONVERSION = YES_ERROR;
				CLANG_WARN_MISSING_NOESCAPE = YES_ERROR;
				CLANG_WARN_NON_LITERAL_NULL_CONVERSION = YES_ERROR;
				CLANG_WARN_OBJC_EXPLICIT_OWNERSHIP_TYPE = YES;
				CLANG_WARN_OBJC_IMPLICIT_ATOMIC_PROPERTIES = YES;
				CLANG_WARN_OBJC_IMPLICIT_RETAIN_SELF = YES;
				CLANG_WARN_OBJC_INTERFACE_IVARS = YES_ERROR;
				CLANG_WARN_OBJC_LITERAL_CONVERSION = YES_ERROR;
				CLANG_WARN_OBJC_MISSING_PROPERTY_SYNTHESIS = YES;
				CLANG_WARN_OBJC_REPEATED_USE_OF_WEAK = YES_AGGRESSIVE;
				CLANG_WARN_OBJC_ROOT_CLASS = YES_ERROR;
				CLANG_WARN_PRAGMA_PACK = YES_ERROR;
				CLANG_WARN_QUOTED_INCLUDE_IN_FRAMEWORK_HEADER = YES_ERROR;
				CLANG_WARN_RANGE_LOOP_ANALYSIS = YES;
				CLANG_WARN_SEMICOLON_BEFORE_METHOD_BODY = YES;
				CLANG_WARN_STRICT_PROTOTYPES = YES_ERROR;
				CLANG_WARN_SUSPICIOUS_IMPLICIT_CONVERSION = YES_ERROR;
				CLANG_WARN_SUSPICIOUS_MOVE = YES;
				CLANG_WARN_UNGUARDED_AVAILABILITY = YES_AGGRESSIVE;
				CLANG_WARN_UNREACHABLE_CODE = YES_AGGRESSIVE;
				CLANG_WARN_VEXING_PARSE = YES_ERROR;
				CLANG_WARN__DUPLICATE_METHOD_MATCH = YES;
				CLANG_WARN__EXIT_TIME_DESTRUCTORS = YES;
				COPY_PHASE_STRIP = NO;
				CURRENT_PROJECT_VERSION = 1;
				DEBUG_INFORMATION_FORMAT = dwarf;
				ENABLE_STRICT_OBJC_MSGSEND = YES;
				ENABLE_TESTABILITY = YES;
				FRAMEWORK_SEARCH_PATHS = (
					"$(inherited)",
					"$(PROJECT_DIR)/Carthage/Build/iOS",
				);
				GCC_C_LANGUAGE_STANDARD = gnu11;
				GCC_NO_COMMON_BLOCKS = YES;
				GCC_OPTIMIZATION_LEVEL = 0;
				GCC_PREPROCESSOR_DEFINITIONS = (
					"DEBUG=1",
					"$(inherited)",
				);
				GCC_TREAT_IMPLICIT_FUNCTION_DECLARATIONS_AS_ERRORS = YES;
				GCC_TREAT_INCOMPATIBLE_POINTER_TYPE_WARNINGS_AS_ERRORS = YES;
				GCC_WARN_64_TO_32_BIT_CONVERSION = YES_ERROR;
				GCC_WARN_ABOUT_MISSING_FIELD_INITIALIZERS = YES;
				GCC_WARN_ABOUT_MISSING_NEWLINE = YES;
				GCC_WARN_ABOUT_MISSING_PROTOTYPES = YES;
				GCC_WARN_ABOUT_RETURN_TYPE = YES_ERROR;
				GCC_WARN_FOUR_CHARACTER_CONSTANTS = YES;
				GCC_WARN_HIDDEN_VIRTUAL_FUNCTIONS = YES;
				GCC_WARN_INITIALIZER_NOT_FULLY_BRACKETED = YES;
				GCC_WARN_NON_VIRTUAL_DESTRUCTOR = YES;
				GCC_WARN_SHADOW = YES;
				GCC_WARN_SIGN_COMPARE = YES;
				GCC_WARN_STRICT_SELECTOR_MATCH = YES;
				GCC_WARN_UNDECLARED_SELECTOR = YES;
				GCC_WARN_UNINITIALIZED_AUTOS = YES_AGGRESSIVE;
				GCC_WARN_UNKNOWN_PRAGMAS = YES;
				GCC_WARN_UNUSED_FUNCTION = YES;
				GCC_WARN_UNUSED_LABEL = YES;
				GCC_WARN_UNUSED_PARAMETER = YES;
				GCC_WARN_UNUSED_VARIABLE = YES;
				IPHONEOS_DEPLOYMENT_TARGET = 14.0;
				LOCALIZED_STRING_MACRO_NAMES = (
					NSLocalizedString,
					CFLocalizedString,
					LocalizedString,
				);
				MTL_ENABLE_DEBUG_INFO = INCLUDE_SOURCE;
				MTL_FAST_MATH = YES;
				ONLY_ACTIVE_ARCH = YES;
				SDKROOT = iphoneos;
				SWIFT_ACTIVE_COMPILATION_CONDITIONS = DEBUG;
				SWIFT_OPTIMIZATION_LEVEL = "-Onone";
				SWIFT_VERSION = 5.0;
				VERSIONING_SYSTEM = "apple-generic";
				VERSION_INFO_PREFIX = "";
				WARNING_CFLAGS = "-Wall";
			};
			name = Debug;
		};
		A98AD2C025830807001AAD6F /* Release */ = {
			isa = XCBuildConfiguration;
			buildSettings = {
				ALWAYS_SEARCH_USER_PATHS = NO;
				CLANG_ANALYZER_GCD_PERFORMANCE = YES;
				CLANG_ANALYZER_LOCALIZABILITY_EMPTY_CONTEXT = YES;
				CLANG_ANALYZER_LOCALIZABILITY_NONLOCALIZED = YES;
				CLANG_ANALYZER_NONNULL = YES;
				CLANG_ANALYZER_NUMBER_OBJECT_CONVERSION = YES_AGGRESSIVE;
				CLANG_ANALYZER_SECURITY_FLOATLOOPCOUNTER = YES;
				CLANG_ANALYZER_SECURITY_INSECUREAPI_RAND = YES;
				CLANG_ANALYZER_SECURITY_INSECUREAPI_STRCPY = YES;
				CLANG_CXX_LANGUAGE_STANDARD = "gnu++17";
				CLANG_CXX_LIBRARY = "libc++";
				CLANG_ENABLE_MODULES = YES;
				CLANG_ENABLE_OBJC_ARC = YES;
				CLANG_ENABLE_OBJC_WEAK = YES;
				CLANG_WARN_ASSIGN_ENUM = YES;
				CLANG_WARN_ATOMIC_IMPLICIT_SEQ_CST = YES;
				CLANG_WARN_BLOCK_CAPTURE_AUTORELEASING = YES_ERROR;
				CLANG_WARN_BOOL_CONVERSION = YES_ERROR;
				CLANG_WARN_COMMA = YES_ERROR;
				CLANG_WARN_CONSTANT_CONVERSION = YES_ERROR;
				CLANG_WARN_CXX0X_EXTENSIONS = YES;
				CLANG_WARN_DELETE_NON_VIRTUAL_DTOR = YES_ERROR;
				CLANG_WARN_DEPRECATED_OBJC_IMPLEMENTATIONS = YES;
				CLANG_WARN_DIRECT_OBJC_ISA_USAGE = YES_ERROR;
				CLANG_WARN_DOCUMENTATION_COMMENTS = YES;
				CLANG_WARN_EMPTY_BODY = YES;
				CLANG_WARN_ENUM_CONVERSION = YES_ERROR;
				CLANG_WARN_FLOAT_CONVERSION = YES_ERROR;
				CLANG_WARN_FRAMEWORK_INCLUDE_PRIVATE_FROM_PUBLIC = YES;
				CLANG_WARN_IMPLICIT_SIGN_CONVERSION = YES_ERROR;
				CLANG_WARN_INFINITE_RECURSION = YES;
				CLANG_WARN_INT_CONVERSION = YES_ERROR;
				CLANG_WARN_MISSING_NOESCAPE = YES_ERROR;
				CLANG_WARN_NON_LITERAL_NULL_CONVERSION = YES_ERROR;
				CLANG_WARN_OBJC_EXPLICIT_OWNERSHIP_TYPE = YES;
				CLANG_WARN_OBJC_IMPLICIT_ATOMIC_PROPERTIES = YES;
				CLANG_WARN_OBJC_IMPLICIT_RETAIN_SELF = YES;
				CLANG_WARN_OBJC_INTERFACE_IVARS = YES_ERROR;
				CLANG_WARN_OBJC_LITERAL_CONVERSION = YES_ERROR;
				CLANG_WARN_OBJC_MISSING_PROPERTY_SYNTHESIS = YES;
				CLANG_WARN_OBJC_REPEATED_USE_OF_WEAK = YES_AGGRESSIVE;
				CLANG_WARN_OBJC_ROOT_CLASS = YES_ERROR;
				CLANG_WARN_PRAGMA_PACK = YES_ERROR;
				CLANG_WARN_QUOTED_INCLUDE_IN_FRAMEWORK_HEADER = YES_ERROR;
				CLANG_WARN_RANGE_LOOP_ANALYSIS = YES;
				CLANG_WARN_SEMICOLON_BEFORE_METHOD_BODY = YES;
				CLANG_WARN_STRICT_PROTOTYPES = YES_ERROR;
				CLANG_WARN_SUSPICIOUS_IMPLICIT_CONVERSION = YES_ERROR;
				CLANG_WARN_SUSPICIOUS_MOVE = YES;
				CLANG_WARN_UNGUARDED_AVAILABILITY = YES_AGGRESSIVE;
				CLANG_WARN_UNREACHABLE_CODE = YES_AGGRESSIVE;
				CLANG_WARN_VEXING_PARSE = YES_ERROR;
				CLANG_WARN__DUPLICATE_METHOD_MATCH = YES;
				CLANG_WARN__EXIT_TIME_DESTRUCTORS = YES;
				COPY_PHASE_STRIP = NO;
				CURRENT_PROJECT_VERSION = 1;
				ENABLE_NS_ASSERTIONS = NO;
				ENABLE_STRICT_OBJC_MSGSEND = YES;
				FRAMEWORK_SEARCH_PATHS = (
					"$(inherited)",
					"$(PROJECT_DIR)/Carthage/Build/iOS",
				);
				GCC_C_LANGUAGE_STANDARD = gnu11;
				GCC_NO_COMMON_BLOCKS = YES;
				GCC_TREAT_IMPLICIT_FUNCTION_DECLARATIONS_AS_ERRORS = YES;
				GCC_TREAT_INCOMPATIBLE_POINTER_TYPE_WARNINGS_AS_ERRORS = YES;
				GCC_WARN_64_TO_32_BIT_CONVERSION = YES_ERROR;
				GCC_WARN_ABOUT_MISSING_FIELD_INITIALIZERS = YES;
				GCC_WARN_ABOUT_MISSING_NEWLINE = YES;
				GCC_WARN_ABOUT_MISSING_PROTOTYPES = YES;
				GCC_WARN_ABOUT_RETURN_TYPE = YES_ERROR;
				GCC_WARN_FOUR_CHARACTER_CONSTANTS = YES;
				GCC_WARN_HIDDEN_VIRTUAL_FUNCTIONS = YES;
				GCC_WARN_INITIALIZER_NOT_FULLY_BRACKETED = YES;
				GCC_WARN_NON_VIRTUAL_DESTRUCTOR = YES;
				GCC_WARN_SHADOW = YES;
				GCC_WARN_SIGN_COMPARE = YES;
				GCC_WARN_STRICT_SELECTOR_MATCH = YES;
				GCC_WARN_UNDECLARED_SELECTOR = YES;
				GCC_WARN_UNINITIALIZED_AUTOS = YES_AGGRESSIVE;
				GCC_WARN_UNKNOWN_PRAGMAS = YES;
				GCC_WARN_UNUSED_FUNCTION = YES;
				GCC_WARN_UNUSED_LABEL = YES;
				GCC_WARN_UNUSED_PARAMETER = YES;
				GCC_WARN_UNUSED_VARIABLE = YES;
				IPHONEOS_DEPLOYMENT_TARGET = 14.0;
				LOCALIZED_STRING_MACRO_NAMES = (
					NSLocalizedString,
					CFLocalizedString,
					LocalizedString,
				);
				MTL_ENABLE_DEBUG_INFO = NO;
				MTL_FAST_MATH = YES;
				SDKROOT = iphoneos;
				SWIFT_COMPILATION_MODE = wholemodule;
				SWIFT_OPTIMIZATION_LEVEL = "-O";
				SWIFT_VERSION = 5.0;
				VALIDATE_PRODUCT = YES;
				VERSIONING_SYSTEM = "apple-generic";
				VERSION_INFO_PREFIX = "";
				WARNING_CFLAGS = "-Wall";
			};
			name = Release;
		};
		A98AD2C225830807001AAD6F /* Debug */ = {
			isa = XCBuildConfiguration;
			buildSettings = {
				APPLICATION_EXTENSION_API_ONLY = YES;
				CODE_SIGN_IDENTITY = "";
				CODE_SIGN_STYLE = Automatic;
				DEVELOPMENT_TEAM = "";
				DYLIB_COMPATIBILITY_VERSION = 1;
				DYLIB_CURRENT_VERSION = 1;
				DYLIB_INSTALL_NAME_BASE = "@rpath";
				INFOPLIST_FILE = TidepoolOnboardingPlugin/Info.plist;
				INSTALL_PATH = "$(LOCAL_LIBRARY_DIR)/Frameworks";
				LD_RUNPATH_SEARCH_PATHS = (
					"$(inherited)",
					"@executable_path/Frameworks",
					"@loader_path/Frameworks",
				);
				PRODUCT_BUNDLE_IDENTIFIER = org.tidepool.TidepoolOnboardingPlugin;
				PRODUCT_NAME = "$(TARGET_NAME:c99extidentifier)";
				PROVISIONING_PROFILE_SPECIFIER = "";
				SKIP_INSTALL = YES;
				SUPPORTS_MACCATALYST = NO;
				TARGETED_DEVICE_FAMILY = "1,2";
				WRAPPER_EXTENSION = loopplugin;
			};
			name = Debug;
		};
		A98AD2C325830807001AAD6F /* Release */ = {
			isa = XCBuildConfiguration;
			buildSettings = {
				APPLICATION_EXTENSION_API_ONLY = YES;
				CODE_SIGN_IDENTITY = "";
				CODE_SIGN_STYLE = Automatic;
				DEVELOPMENT_TEAM = "";
				DYLIB_COMPATIBILITY_VERSION = 1;
				DYLIB_CURRENT_VERSION = 1;
				DYLIB_INSTALL_NAME_BASE = "@rpath";
				INFOPLIST_FILE = TidepoolOnboardingPlugin/Info.plist;
				INSTALL_PATH = "$(LOCAL_LIBRARY_DIR)/Frameworks";
				LD_RUNPATH_SEARCH_PATHS = (
					"$(inherited)",
					"@executable_path/Frameworks",
					"@loader_path/Frameworks",
				);
				PRODUCT_BUNDLE_IDENTIFIER = org.tidepool.TidepoolOnboardingPlugin;
				PRODUCT_NAME = "$(TARGET_NAME:c99extidentifier)";
				PROVISIONING_PROFILE_SPECIFIER = "";
				SKIP_INSTALL = YES;
				SUPPORTS_MACCATALYST = NO;
				TARGETED_DEVICE_FAMILY = "1,2";
				WRAPPER_EXTENSION = loopplugin;
			};
			name = Release;
		};
		A98AD2FB25830851001AAD6F /* Debug */ = {
			isa = XCBuildConfiguration;
			buildSettings = {
				APPLICATION_EXTENSION_API_ONLY = YES;
				CODE_SIGN_IDENTITY = "";
				CODE_SIGN_STYLE = Automatic;
				DEFINES_MODULE = YES;
				DEVELOPMENT_TEAM = "";
				DYLIB_COMPATIBILITY_VERSION = 1;
				DYLIB_CURRENT_VERSION = 1;
				DYLIB_INSTALL_NAME_BASE = "@rpath";
				ENABLE_PREVIEWS = YES;
				INFOPLIST_FILE = TidepoolOnboarding/Info.plist;
				INSTALL_PATH = "$(LOCAL_LIBRARY_DIR)/Frameworks";
				LD_RUNPATH_SEARCH_PATHS = (
					"$(inherited)",
					"@executable_path/Frameworks",
					"@loader_path/Frameworks",
				);
				PRODUCT_BUNDLE_IDENTIFIER = org.tidepool.TidepoolOnboarding;
				PRODUCT_NAME = "$(TARGET_NAME:c99extidentifier)";
				PROVISIONING_PROFILE_SPECIFIER = "";
				SKIP_INSTALL = YES;
				SUPPORTS_MACCATALYST = NO;
				TARGETED_DEVICE_FAMILY = "1,2";
			};
			name = Debug;
		};
		A98AD2FC25830851001AAD6F /* Release */ = {
			isa = XCBuildConfiguration;
			buildSettings = {
				APPLICATION_EXTENSION_API_ONLY = YES;
				CODE_SIGN_IDENTITY = "";
				CODE_SIGN_STYLE = Automatic;
				DEFINES_MODULE = YES;
				DEVELOPMENT_TEAM = "";
				DYLIB_COMPATIBILITY_VERSION = 1;
				DYLIB_CURRENT_VERSION = 1;
				DYLIB_INSTALL_NAME_BASE = "@rpath";
				ENABLE_PREVIEWS = YES;
				INFOPLIST_FILE = TidepoolOnboarding/Info.plist;
				INSTALL_PATH = "$(LOCAL_LIBRARY_DIR)/Frameworks";
				LD_RUNPATH_SEARCH_PATHS = (
					"$(inherited)",
					"@executable_path/Frameworks",
					"@loader_path/Frameworks",
				);
				PRODUCT_BUNDLE_IDENTIFIER = org.tidepool.TidepoolOnboarding;
				PRODUCT_NAME = "$(TARGET_NAME:c99extidentifier)";
				PROVISIONING_PROFILE_SPECIFIER = "";
				SKIP_INSTALL = YES;
				SUPPORTS_MACCATALYST = NO;
				TARGETED_DEVICE_FAMILY = "1,2";
			};
			name = Release;
		};
		A98AD2FE25830851001AAD6F /* Debug */ = {
			isa = XCBuildConfiguration;
			buildSettings = {
				CLANG_ENABLE_MODULES = YES;
				CODE_SIGN_STYLE = Automatic;
				DEVELOPMENT_TEAM = "";
				INFOPLIST_FILE = TidepoolOnboardingTests/Info.plist;
				LD_RUNPATH_SEARCH_PATHS = (
					"$(inherited)",
					"@executable_path/Frameworks",
					"@loader_path/Frameworks",
				);
				PRODUCT_BUNDLE_IDENTIFIER = org.tidepool.TidepoolOnboardingTests;
				PRODUCT_NAME = "$(TARGET_NAME)";
				SWIFT_OPTIMIZATION_LEVEL = "-Onone";
				SWIFT_VERSION = 5.0;
				TARGETED_DEVICE_FAMILY = "1,2";
			};
			name = Debug;
		};
		A98AD2FF25830851001AAD6F /* Release */ = {
			isa = XCBuildConfiguration;
			buildSettings = {
				CLANG_ENABLE_MODULES = YES;
				CODE_SIGN_STYLE = Automatic;
				DEVELOPMENT_TEAM = "";
				INFOPLIST_FILE = TidepoolOnboardingTests/Info.plist;
				LD_RUNPATH_SEARCH_PATHS = (
					"$(inherited)",
					"@executable_path/Frameworks",
					"@loader_path/Frameworks",
				);
				PRODUCT_BUNDLE_IDENTIFIER = org.tidepool.TidepoolOnboardingTests;
				PRODUCT_NAME = "$(TARGET_NAME)";
				SWIFT_VERSION = 5.0;
				TARGETED_DEVICE_FAMILY = "1,2";
			};
			name = Release;
		};
		A98AD3B02583216B001AAD6F /* Debug */ = {
			isa = XCBuildConfiguration;
			buildSettings = {
				PRODUCT_NAME = "$(TARGET_NAME)";
			};
			name = Debug;
		};
		A98AD3B12583216B001AAD6F /* Release */ = {
			isa = XCBuildConfiguration;
			buildSettings = {
				PRODUCT_NAME = "$(TARGET_NAME)";
			};
			name = Release;
		};
/* End XCBuildConfiguration section */

/* Begin XCConfigurationList section */
		A91F7CF8260528FE008FBAED /* Build configuration list for PBXNativeTarget "TidepoolOnboardingDemo" */ = {
			isa = XCConfigurationList;
			buildConfigurations = (
				A91F7CF9260528FE008FBAED /* Debug */,
				A91F7CFA260528FE008FBAED /* Release */,
			);
			defaultConfigurationIsVisible = 0;
			defaultConfigurationName = Release;
		};
		A98AD2B325830807001AAD6F /* Build configuration list for PBXProject "TidepoolOnboarding" */ = {
			isa = XCConfigurationList;
			buildConfigurations = (
				A98AD2BF25830807001AAD6F /* Debug */,
				A98AD2C025830807001AAD6F /* Release */,
			);
			defaultConfigurationIsVisible = 0;
			defaultConfigurationName = Release;
		};
		A98AD2C125830807001AAD6F /* Build configuration list for PBXNativeTarget "TidepoolOnboardingPlugin" */ = {
			isa = XCConfigurationList;
			buildConfigurations = (
				A98AD2C225830807001AAD6F /* Debug */,
				A98AD2C325830807001AAD6F /* Release */,
			);
			defaultConfigurationIsVisible = 0;
			defaultConfigurationName = Release;
		};
		A98AD2FA25830851001AAD6F /* Build configuration list for PBXNativeTarget "TidepoolOnboarding" */ = {
			isa = XCConfigurationList;
			buildConfigurations = (
				A98AD2FB25830851001AAD6F /* Debug */,
				A98AD2FC25830851001AAD6F /* Release */,
			);
			defaultConfigurationIsVisible = 0;
			defaultConfigurationName = Release;
		};
		A98AD2FD25830851001AAD6F /* Build configuration list for PBXNativeTarget "TidepoolOnboardingTests" */ = {
			isa = XCConfigurationList;
			buildConfigurations = (
				A98AD2FE25830851001AAD6F /* Debug */,
				A98AD2FF25830851001AAD6F /* Release */,
			);
			defaultConfigurationIsVisible = 0;
			defaultConfigurationName = Release;
		};
		A98AD3AF2583216B001AAD6F /* Build configuration list for PBXAggregateTarget "Cartfile" */ = {
			isa = XCConfigurationList;
			buildConfigurations = (
				A98AD3B02583216B001AAD6F /* Debug */,
				A98AD3B12583216B001AAD6F /* Release */,
			);
			defaultConfigurationIsVisible = 0;
			defaultConfigurationName = Release;
		};
/* End XCConfigurationList section */
	};
	rootObject = A98AD2B025830807001AAD6F /* Project object */;
}
