<?xml version="1.0" encoding="UTF-8"?>
<Scheme
   LastUpgradeVersion = "1230"
   version = "1.3">
   <BuildAction
      parallelizeBuildables = "NO"
      buildImplicitDependencies = "YES">
      <BuildActionEntries>
         <BuildActionEntry
            buildForTesting = "YES"
            buildForRunning = "YES"
            buildForProfiling = "YES"
            buildForArchiving = "YES"
            buildForAnalyzing = "YES">
            <BuildableReference
               BuildableIdentifier = "primary"
               BlueprintIdentifier = "06405DA51B8AA74700A689FF"
               BuildableName = "SwiftCharts.framework"
               BlueprintName = "SwiftCharts"
               ReferencedContainer = "container:../../Common/SwiftCharts/SwiftCharts.xcodeproj">
            </BuildableReference>
         </BuildActionEntry>
         <BuildActionEntry
            buildForTesting = "YES"
            buildForRunning = "YES"
            buildForProfiling = "YES"
            buildForArchiving = "YES"
            buildForAnalyzing = "YES">
            <BuildableReference
               BuildableIdentifier = "primary"
               BlueprintIdentifier = "43BA7153201E484D0058961E"
               BuildableName = "LoopKitUI.framework"
               BlueprintName = "LoopKitUI"
               ReferencedContainer = "container:../../Common/LoopKit/LoopKit.xcodeproj">
            </BuildableReference>
         </BuildActionEntry>
         <BuildActionEntry
            buildForTesting = "YES"
            buildForRunning = "YES"
            buildForProfiling = "YES"
            buildForArchiving = "YES"
            buildForAnalyzing = "YES">
            <BuildableReference
               BuildableIdentifier = "primary"
               BlueprintIdentifier = "A943536E23C932BF0093CFA3"
               BuildableName = "TidepoolKitUI.framework"
               BlueprintName = "TidepoolKitUI"
               ReferencedContainer = "container:../../Common/TidepoolKit/TidepoolKit.xcodeproj">
            </BuildableReference>
         </BuildActionEntry>
         <BuildActionEntry
            buildForTesting = "YES"
            buildForRunning = "YES"
            buildForProfiling = "YES"
            buildForArchiving = "YES"
            buildForAnalyzing = "YES">
            <BuildableReference
               BuildableIdentifier = "primary"
               BlueprintIdentifier = "A9DAAD1A22E7988900E76C9F"
               BuildableName = "TidepoolServiceKitUI.framework"
               BlueprintName = "TidepoolServiceKitUI"
               ReferencedContainer = "container:../../Common/TidepoolService/TidepoolService.xcodeproj">
            </BuildableReference>
         </BuildActionEntry>
         <BuildActionEntry
            buildForTesting = "YES"
            buildForRunning = "YES"
            buildForProfiling = "YES"
            buildForArchiving = "YES"
            buildForAnalyzing = "YES">
            <BuildableReference
               BuildableIdentifier = "primary"
               BlueprintIdentifier = "A91F7CEB260528FD008FBAED"
               BuildableName = "TidepoolOnboardingDemo.app"
               BlueprintName = "TidepoolOnboardingDemo"
               ReferencedContainer = "container:TidepoolOnboarding.xcodeproj">
            </BuildableReference>
         </BuildActionEntry>
      </BuildActionEntries>
   </BuildAction>
   <TestAction
      buildConfiguration = "Debug"
      selectedDebuggerIdentifier = "Xcode.DebuggerFoundation.Debugger.LLDB"
      selectedLauncherIdentifier = "Xcode.DebuggerFoundation.Launcher.LLDB"
      shouldUseLaunchSchemeArgsEnv = "YES">
      <Testables>
         <TestableReference
            skipped = "NO">
            <BuildableReference
               BuildableIdentifier = "primary"
               BlueprintIdentifier = "A943535823C932A10093CFA3"
               BuildableName = "TidepoolKitTests.xctest"
               BlueprintName = "TidepoolKitTests"
               ReferencedContainer = "container:../../Common/TidepoolKit/TidepoolKit.xcodeproj">
            </BuildableReference>
         </TestableReference>
         <TestableReference
            skipped = "NO">
            <BuildableReference
               BuildableIdentifier = "primary"
               BlueprintIdentifier = "A943537623C932BF0093CFA3"
               BuildableName = "TidepoolKitUITests.xctest"
               BlueprintName = "TidepoolKitUITests"
               ReferencedContainer = "container:../../Common/TidepoolKit/TidepoolKit.xcodeproj">
            </BuildableReference>
         </TestableReference>
         <TestableReference
            skipped = "NO">
            <BuildableReference
               BuildableIdentifier = "primary"
               BlueprintIdentifier = "A9DAAD0622E7987800E76C9F"
               BuildableName = "TidepoolServiceKitTests.xctest"
               BlueprintName = "TidepoolServiceKitTests"
               ReferencedContainer = "container:../../Common/TidepoolService/TidepoolService.xcodeproj">
            </BuildableReference>
         </TestableReference>
         <TestableReference
            skipped = "NO">
            <BuildableReference
               BuildableIdentifier = "primary"
               BlueprintIdentifier = "A9DAAD2222E7988900E76C9F"
               BuildableName = "TidepoolServiceKitUITests.xctest"
               BlueprintName = "TidepoolServiceKitUITests"
               ReferencedContainer = "container:../../Common/TidepoolService/TidepoolService.xcodeproj">
            </BuildableReference>
         </TestableReference>
         <TestableReference
            skipped = "NO">
            <BuildableReference
               BuildableIdentifier = "primary"
               BlueprintIdentifier = "A98AD2F025830851001AAD6F"
               BuildableName = "TidepoolOnboardingTests.xctest"
               BlueprintName = "TidepoolOnboardingTests"
               ReferencedContainer = "container:TidepoolOnboarding.xcodeproj">
            </BuildableReference>
         </TestableReference>
      </Testables>
   </TestAction>
   <LaunchAction
      buildConfiguration = "Debug"
      selectedDebuggerIdentifier = "Xcode.DebuggerFoundation.Debugger.LLDB"
      selectedLauncherIdentifier = "Xcode.DebuggerFoundation.Launcher.LLDB"
      launchStyle = "0"
      useCustomWorkingDirectory = "NO"
      ignoresPersistentStateOnLaunch = "NO"
      debugDocumentVersioning = "YES"
      debugServiceExtension = "internal"
      allowLocationSimulation = "YES">
      <BuildableProductRunnable
         runnableDebuggingMode = "0">
         <BuildableReference
            BuildableIdentifier = "primary"
            BlueprintIdentifier = "A91F7CEB260528FD008FBAED"
            BuildableName = "TidepoolOnboardingDemo.app"
            BlueprintName = "TidepoolOnboardingDemo"
            ReferencedContainer = "container:TidepoolOnboarding.xcodeproj">
         </BuildableReference>
      </BuildableProductRunnable>
   </LaunchAction>
   <ProfileAction
      buildConfiguration = "Release"
      shouldUseLaunchSchemeArgsEnv = "YES"
      savedToolIdentifier = ""
      useCustomWorkingDirectory = "NO"
      debugDocumentVersioning = "YES">
      <BuildableProductRunnable
         runnableDebuggingMode = "0">
         <BuildableReference
            BuildableIdentifier = "primary"
            BlueprintIdentifier = "A91F7CEB260528FD008FBAED"
            BuildableName = "TidepoolOnboardingDemo.app"
            BlueprintName = "TidepoolOnboardingDemo"
            ReferencedContainer = "container:TidepoolOnboarding.xcodeproj">
         </BuildableReference>
      </BuildableProductRunnable>
   </ProfileAction>
   <AnalyzeAction
      buildConfiguration = "Debug">
   </AnalyzeAction>
   <ArchiveAction
      buildConfiguration = "Release"
      revealArchiveInOrganizer = "YES">
   </ArchiveAction>
</Scheme>
